// !$*UTF8*$!
{
	archiveVersion = 1;
	classes = {
	};
	objectVersion = 77;
	objects = {

/* Begin PBXBuildFile section */
		02624EC3441C5F14B4396134 /* Buttons.swift in Sources */ = {isa = PBXBuildFile; fileRef = 8BBCB66A1236FFCE9418B68E /* Buttons.swift */; };
		03211C585B9316B9B44CDA2C /* SourcesTests.swift in Sources */ = {isa = PBXBuildFile; fileRef = C0DB90CAC25F625A0592ACBB /* SourcesTests.swift */; };
		06ACEE448FEC02B544131492 /* RootView.swift in Sources */ = {isa = PBXBuildFile; fileRef = 3211D7CFB388EFB45088D7AF /* RootView.swift */; };
		092B0F0E8A39BE1F6F01022E /* CaptureView.swift in Sources */ = {isa = PBXBuildFile; fileRef = EFA2C84BA50F8085DC15AE22 /* CaptureView.swift */; };
		0BD6C71F91FA562BE206E790 /* PaywallView.swift in Sources */ = {isa = PBXBuildFile; fileRef = 791CC9D8004ECDC8DA587E48 /* PaywallView.swift */; };
		0DC2C653FF0173DC1256C6C6 /* OpportunityEngineTests.swift in Sources */ = {isa = PBXBuildFile; fileRef = F516238B696D28471BE7B6BE /* OpportunityEngineTests.swift */; };
		0F668CBB35AE81065A424A4B /* OCRService.swift in Sources */ = {isa = PBXBuildFile; fileRef = D62BB8D84C2B098C9D19E889 /* OCRService.swift */; };
		1099B602F3320C02CC7AA4F6 /* DocumentScannerView.swift in Sources */ = {isa = PBXBuildFile; fileRef = 6289D7D56D39A9C3AB3F4B03 /* DocumentScannerView.swift */; };
		115F939DEA4A4A86479D782F /* PurchaseRepository+Sources.swift in Sources */ = {isa = PBXBuildFile; fileRef = D3213942DE2129FAD119FDE2 /* PurchaseRepository+Sources.swift */; };
		127667EA9EDA0D50FDAB1C49 /* ScreenshotWatcher.swift in Sources */ = {isa = PBXBuildFile; fileRef = 4BA628FFE1EAF4E963F6C583 /* ScreenshotWatcher.swift */; };
		13478CF361F4EA9DBBA17B3A /* DocumentParser.swift in Sources */ = {isa = PBXBuildFile; fileRef = 61298BEA3D71FCDD7CE4D81A /* DocumentParser.swift */; };
		1407D57C7CB6821F83151E08 /* ActionPlanGenerator.swift in Sources */ = {isa = PBXBuildFile; fileRef = 0624A75CE8216D07EED82F6F /* ActionPlanGenerator.swift */; };
		14342FA0AF21E9A2B49662B9 /* AnalyticsService.swift in Sources */ = {isa = PBXBuildFile; fileRef = 26A43C646EE878EEA133E836 /* AnalyticsService.swift */; };
		1688060E8BDFAB7E4C27A506 /* IntelligenceProvider.swift in Sources */ = {isa = PBXBuildFile; fileRef = 4DCDBEEB369BDF081E43A6EB /* IntelligenceProvider.swift */; };
		19047DE588F27D4A88895F0D /* OpportunityEngine.swift in Sources */ = {isa = PBXBuildFile; fileRef = 67BAEE97CB2310EF412481B7 /* OpportunityEngine.swift */; };
		1D7721BCA4A386B4FB4FC9FD /* WarrantyExpirationRule.swift in Sources */ = {isa = PBXBuildFile; fileRef = E59853E27108B96393B1C150 /* WarrantyExpirationRule.swift */; };
		215AECDE9A2DBA06A8FFAC55 /* ExpansionTests.swift in Sources */ = {isa = PBXBuildFile; fileRef = 6131AB07DCF728E199582EC3 /* ExpansionTests.swift */; };
		239EBD905B4A9F206810932F /* SavingsConfirmationSheet.swift in Sources */ = {isa = PBXBuildFile; fileRef = 8B39F8035DC9B36A451BB259 /* SavingsConfirmationSheet.swift */; };
		2707E5331E372AF25F8C6E8C /* DocumentParserTests.swift in Sources */ = {isa = PBXBuildFile; fileRef = C9EA71FEB5C25107A4E43B65 /* DocumentParserTests.swift */; };
		271BBD02B67EBB1F2A33B6B8 /* CalendarExporter.swift in Sources */ = {isa = PBXBuildFile; fileRef = 4EEFD153BF18718A7267BCC6 /* CalendarExporter.swift */; };
		2DFBA8E4394229EE14758712 /* MerchantDirectory.swift in Sources */ = {isa = PBXBuildFile; fileRef = 53ACB7291F0B90C13882473C /* MerchantDirectory.swift */; };
		30792033912333214D74A3EB /* AppGroup.swift in Sources */ = {isa = PBXBuildFile; fileRef = C32890B491F23B5B8F20D13E /* AppGroup.swift */; };
		3370BDE8FB1693A28B5EC768 /* DeadlineActivityAttributes.swift in Sources */ = {isa = PBXBuildFile; fileRef = BF0F04FB2C3ECD519FDF12C6 /* DeadlineActivityAttributes.swift */; };
		3411197B5C36D292987314B2 /* EmailImportView.swift in Sources */ = {isa = PBXBuildFile; fileRef = 9C7124CFC52CAD00DD2D01C2 /* EmailImportView.swift */; };
		359F34BDEA0840200111183F /* PurchaseRepository.swift in Sources */ = {isa = PBXBuildFile; fileRef = CD800386AEE99FF8A7F43517 /* PurchaseRepository.swift */; };
		35B2A50ABBD2DC3FB10C1050 /* GmailImportSource.swift in Sources */ = {isa = PBXBuildFile; fileRef = 07EA39B034B4F08804414AE1 /* GmailImportSource.swift */; };
		37F05FEEE78B6883DD9F541D /* OpportunityContext.swift in Sources */ = {isa = PBXBuildFile; fileRef = 97C26F93893A8C6663D55668 /* OpportunityContext.swift */; };
		3CF0651588326278AB309414 /* AppGroup.swift in Sources */ = {isa = PBXBuildFile; fileRef = C32890B491F23B5B8F20D13E /* AppGroup.swift */; };
		41BBA3288BD7A80B2EB44AC9 /* NegotiationAssistant.swift in Sources */ = {isa = PBXBuildFile; fileRef = AEA1D3B563FB113D0FACF6D9 /* NegotiationAssistant.swift */; };
		42E3AF06EB6CF125901C4835 /* MoneyAmount.swift in Sources */ = {isa = PBXBuildFile; fileRef = 64A314F4C44C60DB3DDA32D5 /* MoneyAmount.swift */; };
		4453F9E27DEB1D9B2C219AB6 /* DeadlineActivityAttributes.swift in Sources */ = {isa = PBXBuildFile; fileRef = BF0F04FB2C3ECD519FDF12C6 /* DeadlineActivityAttributes.swift */; };
		476E604B522973500E2B556F /* DailyUseUITests.swift in Sources */ = {isa = PBXBuildFile; fileRef = 4B33BD45E06F581BFBBB50C0 /* DailyUseUITests.swift */; };
		488FB561970BB25F62EBB4E1 /* SourcesView.swift in Sources */ = {isa = PBXBuildFile; fileRef = 30F8E1392F7390364AB7888E /* SourcesView.swift */; };
		4ABB595224ABF2CD431A815F /* Enums.swift in Sources */ = {isa = PBXBuildFile; fileRef = 038B6B829D8216C7B7940DE8 /* Enums.swift */; };
		4B9E9AA7B64443B260D4DB9B /* PriceDropRule.swift in Sources */ = {isa = PBXBuildFile; fileRef = E7CA1059A64F29A80E7CA630 /* PriceDropRule.swift */; };
		4DEE90A3DBC396F8762EB4B3 /* Haptics.swift in Sources */ = {isa = PBXBuildFile; fileRef = B380C566E972FF9271CF1EB3 /* Haptics.swift */; };
		4DFF6B009430342DA43EB7BC /* Badges.swift in Sources */ = {isa = PBXBuildFile; fileRef = 285A11756F8FE0C486962EE9 /* Badges.swift */; };
		4F4CE7F7723B5B0AF32AB5C4 /* FeeDetectionRule.swift in Sources */ = {isa = PBXBuildFile; fileRef = EA7294561B87E964EA45617F /* FeeDetectionRule.swift */; };
		51293B1FE9DDF7A969BDD4B2 /* OpportunityRanker.swift in Sources */ = {isa = PBXBuildFile; fileRef = 68B3D2826938DC4186DAB3B8 /* OpportunityRanker.swift */; };
		515D54FBB274C05483944918 /* Money.swift in Sources */ = {isa = PBXBuildFile; fileRef = AB6105381A79963702529AC8 /* Money.swift */; };
		523AEF1C5C626A350D34B833 /* CaptureViewModel.swift in Sources */ = {isa = PBXBuildFile; fileRef = 51416E1D01FB6EB3E150EA7F /* CaptureViewModel.swift */; };
		5670A1F7DB63904DBA176040 /* FightForMeView.swift in Sources */ = {isa = PBXBuildFile; fileRef = 687F80D79F596F965D120F61 /* FightForMeView.swift */; };
		56CE1B6EBA7F3243E2435203 /* ExternalServicesTests.swift in Sources */ = {isa = PBXBuildFile; fileRef = AE573EEED66D3EB0A36FB849 /* ExternalServicesTests.swift */; };
		56F9ABBA1D117056A2B81255 /* DeadlineActivityAttributes.swift in Sources */ = {isa = PBXBuildFile; fileRef = BF0F04FB2C3ECD519FDF12C6 /* DeadlineActivityAttributes.swift */; };
		5794B883933BD754E2F74AD5 /* PurchaseDetailView.swift in Sources */ = {isa = PBXBuildFile; fileRef = 81790824C22725D43AF09023 /* PurchaseDetailView.swift */; };
		5900C594F7090C35B1C94097 /* StoredDocument.swift in Sources */ = {isa = PBXBuildFile; fileRef = A66CCF5FEA8307A7D150EA67 /* StoredDocument.swift */; };
		597C6814347F4FBD8CC36FAD /* WidgetSnapshot.swift in Sources */ = {isa = PBXBuildFile; fileRef = E9AFF91F366EF0DEC4C70E71 /* WidgetSnapshot.swift */; };
		60977E96BB54DC8EC9110467 /* DailyUseTests.swift in Sources */ = {isa = PBXBuildFile; fileRef = EB346335C3F9917C35FA6C3F /* DailyUseTests.swift */; };
		653C7753C9703A612172A716 /* LeverIntents.swift in Sources */ = {isa = PBXBuildFile; fileRef = 2575670B5117B2022B56B59E /* LeverIntents.swift */; };
		6974AC1ACAFDED951585B5D8 /* PurchaseRepository+Family.swift in Sources */ = {isa = PBXBuildFile; fileRef = B0EAD672A7792F1ECC3CC75C /* PurchaseRepository+Family.swift */; };
		6A0BEDDD0E8BBD544D96FB97 /* PurchaseProtectionRule.swift in Sources */ = {isa = PBXBuildFile; fileRef = 80451DA5D69EA7582F99BF74 /* PurchaseProtectionRule.swift */; };
		6AEBFF42AC36975A6D333888 /* AppGroup.swift in Sources */ = {isa = PBXBuildFile; fileRef = C32890B491F23B5B8F20D13E /* AppGroup.swift */; };
		6CAB361014ECB77666D56A06 /* Subscription.swift in Sources */ = {isa = PBXBuildFile; fileRef = F6FCEB76B87BD795A40AB40C /* Subscription.swift */; };
		763C92FB725CD72C2E1B1428 /* EditPurchaseSheet.swift in Sources */ = {isa = PBXBuildFile; fileRef = 43EC870D5F81B649D45FA2B8 /* EditPurchaseSheet.swift */; };
		7738F6AB8CB4D3AF81C43A78 /* Purchase.swift in Sources */ = {isa = PBXBuildFile; fileRef = ACEBB0D316C125CA74A60E84 /* Purchase.swift */; };
		7AAEB57413CE9DABF575B4A2 /* NotificationDelegate.swift in Sources */ = {isa = PBXBuildFile; fileRef = 0A3B5DDFDF24F35E08F34D66 /* NotificationDelegate.swift */; };
		7E63BA30CC6F06848EEB2AF0 /* HomeView.swift in Sources */ = {isa = PBXBuildFile; fileRef = CE290BE8FB7C70C125159EED /* HomeView.swift */; };
		7EA8C0DD26EC9C6B5F4A3F53 /* ReturnDeadlineRule.swift in Sources */ = {isa = PBXBuildFile; fileRef = AE09FF3D31AAF47C706EC4C6 /* ReturnDeadlineRule.swift */; };
		8026442363539EC4D9CC9D7F /* Products.storekit in Resources */ = {isa = PBXBuildFile; fileRef = 4E4D09B1BE3F1CF5EDB9D84D /* Products.storekit */; };
		80B1EC4AF755741BFB1C17EE /* ModelContainerFactory.swift in Sources */ = {isa = PBXBuildFile; fileRef = 15531EDE25870A9868C2BD49 /* ModelContainerFactory.swift */; };
		8152C94034049DC6DD9F0F54 /* StoreService.swift in Sources */ = {isa = PBXBuildFile; fileRef = BFB437BF9A267020937B5E60 /* StoreService.swift */; };
		83B4C4DD1DC06C5D0C97665C /* StatementImporter.swift in Sources */ = {isa = PBXBuildFile; fileRef = 49AD6CF10EF50614DD4ABA50 /* StatementImporter.swift */; };
		84165CBC3AFCEDA9AE1799CA /* Warranty.swift in Sources */ = {isa = PBXBuildFile; fileRef = C7A855C086A3FA2B2FE2B644 /* Warranty.swift */; };
		84FD947696937BD7CE7D7B8A /* PurchaseTransfer.swift in Sources */ = {isa = PBXBuildFile; fileRef = 37E18FF2B28481F95D6CC9EC /* PurchaseTransfer.swift */; };
		85E2F20EBCFF542B9ABA4F0F /* LEVERWidgets.appex in Embed Foundation Extensions */ = {isa = PBXBuildFile; fileRef = 64DFA0078458A2BA66EF32CB /* LEVERWidgets.appex */; settings = {ATTRIBUTES = (RemoveHeadersOnCopy, ); }; };
		8603967CC87B04CAC63D2E1A /* SavingsEvent.swift in Sources */ = {isa = PBXBuildFile; fileRef = 9FCCA7D412133E8C07530EC3 /* SavingsEvent.swift */; };
		86D95E8FC8C0F9A23056BF33 /* DateMath.swift in Sources */ = {isa = PBXBuildFile; fileRef = 2152296DDE4774BE96073556 /* DateMath.swift */; };
		8815537C34E971DE7774D5C8 /* InboxItem.swift in Sources */ = {isa = PBXBuildFile; fileRef = D72EFE32DC74313E9FE3C5EF /* InboxItem.swift */; };
		8A508A7D5D6D489BCAD0DE09 /* EngagementTests.swift in Sources */ = {isa = PBXBuildFile; fileRef = 18D4EF2719484F81CCDF3C8A /* EngagementTests.swift */; };
		8AA55A855521F3E60544496B /* InsuranceRenewalRule.swift in Sources */ = {isa = PBXBuildFile; fileRef = 3E0FEB9FC7ACEB3FF0FF9CB3 /* InsuranceRenewalRule.swift */; };
		8AE8E1025447819E6B46522B /* WidgetSnapshot.swift in Sources */ = {isa = PBXBuildFile; fileRef = E9AFF91F366EF0DEC4C70E71 /* WidgetSnapshot.swift */; };
		8C6DABA2A2462B2982D7C771 /* WalletTransactionSource.swift in Sources */ = {isa = PBXBuildFile; fileRef = E30FA722796014466EB4E356 /* WalletTransactionSource.swift */; };
		8D8563EFAF6D8D60EB61E6B3 /* Assets.xcassets in Resources */ = {isa = PBXBuildFile; fileRef = 562E54D1338012C81D106BA3 /* Assets.xcassets */; };
		8EFD8C310D8B9FDE4DA665FB /* PersistenceAndServicesTests.swift in Sources */ = {isa = PBXBuildFile; fileRef = 0D833A97F5AE4A7080866DC7 /* PersistenceAndServicesTests.swift */; };
		9161525412F1E12F97F445DC /* DocumentReviewView.swift in Sources */ = {isa = PBXBuildFile; fileRef = E6E514BF9DE9E77D15E47E43 /* DocumentReviewView.swift */; };
		9469DD216DD03D255CDC165C /* Theme.swift in Sources */ = {isa = PBXBuildFile; fileRef = 00C33FBFF05C77B19900C095 /* Theme.swift */; };
		9A52C8C3CF09615902350F0C /* ExchangeRateService.swift in Sources */ = {isa = PBXBuildFile; fileRef = A91871E9E1F4786AFFF5C2D0 /* ExchangeRateService.swift */; };
		9E8AE8F7AE18B5CCC3663824 /* NegotiationView.swift in Sources */ = {isa = PBXBuildFile; fileRef = 4F4CEC7B78E9381A63689442 /* NegotiationView.swift */; };
		9EF8AC594B5885EB603CE940 /* SourcesUITests.swift in Sources */ = {isa = PBXBuildFile; fileRef = 13E5849CE1FB9A690C8A967F /* SourcesUITests.swift */; };
		A4CB9410E0B7E5BF0FE13571 /* SubscriptionRenewalRule.swift in Sources */ = {isa = PBXBuildFile; fileRef = B370508A19ACCF1CB1EB06C5 /* SubscriptionRenewalRule.swift */; };
		A63B5A932EAA243F72297BDF /* AppRouter.swift in Sources */ = {isa = PBXBuildFile; fileRef = FBD6A09027E4835F6AF540FE /* AppRouter.swift */; };
		A7E078A0A042BA05DCB7CB91 /* MerchantAvatar.swift in Sources */ = {isa = PBXBuildFile; fileRef = 73D0A57A8C87BAB6B18E6D1C /* MerchantAvatar.swift */; };
		AE1EFE1871256CE8E0117C8E /* PrivacyCenterView.swift in Sources */ = {isa = PBXBuildFile; fileRef = 458359C20FF3434081BA746F /* PrivacyCenterView.swift */; };
		AF5DDA43804BA08DC25CEAE8 /* MagicMomentView.swift in Sources */ = {isa = PBXBuildFile; fileRef = F8655612A85421A14979559C /* MagicMomentView.swift */; };
		AFD578904E55E3472EC0FBCD /* DateParser.swift in Sources */ = {isa = PBXBuildFile; fileRef = 532E8465550784CE592D6AF4 /* DateParser.swift */; };
		B259A43B2C31B09B40380037 /* NotificationService.swift in Sources */ = {isa = PBXBuildFile; fileRef = 71CDF307272B0F03BBCFD7C2 /* NotificationService.swift */; };
		B35D44F398624A02742C9DF5 /* SavingsView.swift in Sources */ = {isa = PBXBuildFile; fileRef = 84E4165F3907594F87ADF993 /* SavingsView.swift */; };
		B47AFE410A8A0DD0015B977D /* Cards.swift in Sources */ = {isa = PBXBuildFile; fileRef = 852FEB56127D43294384DE74 /* Cards.swift */; };
		B7BFD47B6CB32411E885C0D6 /* LiveActivityManager.swift in Sources */ = {isa = PBXBuildFile; fileRef = A7883CC339EFF03357ABA8CB /* LiveActivityManager.swift */; };
		BA81CD570B963AEA17DAE4F9 /* Layout.swift in Sources */ = {isa = PBXBuildFile; fileRef = 312F94A9435FCE7B8FE71E53 /* Layout.swift */; };
		BB1D7AB69E485F8D2BEEEF04 /* Opportunity.swift in Sources */ = {isa = PBXBuildFile; fileRef = 4A7826E8BF19C35378699750 /* Opportunity.swift */; };
		BCD1B411AA645FAB10375E92 /* LEVERShareExtension.appex in Embed Foundation Extensions */ = {isa = PBXBuildFile; fileRef = 9F59F52B6DBC19F1EF80EEC2 /* LEVERShareExtension.appex */; settings = {ATTRIBUTES = (RemoveHeadersOnCopy, ); }; };
		BD2B9E86A0E2EA038E36D485 /* AmountParser.swift in Sources */ = {isa = PBXBuildFile; fileRef = 46D0D5BC9534EF41E7262C74 /* AmountParser.swift */; };
		BF23613816EE9F52F938F3C4 /* PublicPagePriceMonitor.swift in Sources */ = {isa = PBXBuildFile; fileRef = 438D9B9C28F7294323976C18 /* PublicPagePriceMonitor.swift */; };
		BFFBAEBBEE73A9DF4A6D8958 /* Protocols.swift in Sources */ = {isa = PBXBuildFile; fileRef = 67EE41461BF5842864607D4E /* Protocols.swift */; };
		C30A490C21919D625A15B688 /* VaultView.swift in Sources */ = {isa = PBXBuildFile; fileRef = C8BE7B948BC52928B99D7847 /* VaultView.swift */; };
		C3D525487A856B025312AD71 /* PriceMonitorService.swift in Sources */ = {isa = PBXBuildFile; fileRef = 1D06E1B8F7AF65CC3AA6799A /* PriceMonitorService.swift */; };
		C665A58046F22EB4CB643420 /* InboxItem.swift in Sources */ = {isa = PBXBuildFile; fileRef = D72EFE32DC74313E9FE3C5EF /* InboxItem.swift */; };
		C6A63D87BB2BDE0C1D8BC8E7 /* ClaimGenerator.swift in Sources */ = {isa = PBXBuildFile; fileRef = 3965D73EAD3F63ABA9EF5C59 /* ClaimGenerator.swift */; };
		CFDCB4C4ACA5C2D94BE614C4 /* FamilyView.swift in Sources */ = {isa = PBXBuildFile; fileRef = 2E5DD9E3E4B98900BDC751BE /* FamilyView.swift */; };
		CFEFCF7DDD1739A62DCDE46B /* PurchaseDocument.swift in Sources */ = {isa = PBXBuildFile; fileRef = E9A33A55111796E6B70E52FC /* PurchaseDocument.swift */; };
		D047D22366174B6891F8A565 /* Monogram.swift in Sources */ = {isa = PBXBuildFile; fileRef = 65384D6954394F9EAE9983E1 /* Monogram.swift */; };
		D513438CD283A250F363CA02 /* ClaimComposerView.swift in Sources */ = {isa = PBXBuildFile; fileRef = BE3A49C43215E8976E193423 /* ClaimComposerView.swift */; };
		D624156256EBB55087B2F2BF /* ShareViewController.swift in Sources */ = {isa = PBXBuildFile; fileRef = 9228728BCDC955472BD8C811 /* ShareViewController.swift */; };
		D9517BE10F9F7074D89F13C1 /* ResaleEstimator.swift in Sources */ = {isa = PBXBuildFile; fileRef = 60D52C462CA8435A7747E784 /* ResaleEstimator.swift */; };
		DD05FF178309581EC046B85A /* MerchantIdentityService.swift in Sources */ = {isa = PBXBuildFile; fileRef = D7418F8AEDC76CC342B0908A /* MerchantIdentityService.swift */; };
		DD14909B6BC0FD6DDA984B5E /* DocumentClassifier.swift in Sources */ = {isa = PBXBuildFile; fileRef = AA58A13AA19D5CD932FC6054 /* DocumentClassifier.swift */; };
		DFE3AEE492A7C7202AF49888 /* InboxItem.swift in Sources */ = {isa = PBXBuildFile; fileRef = D72EFE32DC74313E9FE3C5EF /* InboxItem.swift */; };
		E0FBF1D3BD5F4053CD3F1029 /* SampleDataSeeder.swift in Sources */ = {isa = PBXBuildFile; fileRef = 605A0FCBC5F5F5D0B9E3DB6D /* SampleDataSeeder.swift */; };
		E19939A14F2C37E6EBF2B440 /* OpportunityDetailView.swift in Sources */ = {isa = PBXBuildFile; fileRef = D88FE9DE598F10F3F86C63FA /* OpportunityDetailView.swift */; };
		E2794B40385FC2F21D7B8D43 /* BiometricAuthService.swift in Sources */ = {isa = PBXBuildFile; fileRef = 199D5A814A71D3FBA5642EBC /* BiometricAuthService.swift */; };
		E2D455299B5BD34EDAC1CBEC /* ObservationTests.swift in Sources */ = {isa = PBXBuildFile; fileRef = 25320D5E1CA9DE3933298B3F /* ObservationTests.swift */; };
		E2E64C6982AD372D3069A1CF /* StatementReviewView.swift in Sources */ = {isa = PBXBuildFile; fileRef = ADBEB31BC0C627A500E3E634 /* StatementReviewView.swift */; };
		E5D5AD3148127E0FE13EC035 /* WidgetSnapshot.swift in Sources */ = {isa = PBXBuildFile; fileRef = E9AFF91F366EF0DEC4C70E71 /* WidgetSnapshot.swift */; };
		E6CB67DC6DA4A82B92E9527E /* SettingsView.swift in Sources */ = {isa = PBXBuildFile; fileRef = 0F44DF32C498EB491B3EF33D /* SettingsView.swift */; };
		E9457D8080BCC898595A2287 /* GeminiIntelligenceProvider.swift in Sources */ = {isa = PBXBuildFile; fileRef = 396F42DEC5D0925CB84A82A7 /* GeminiIntelligenceProvider.swift */; };
		EA595D65D9C826E6AAC1B8B6 /* KeychainStore.swift in Sources */ = {isa = PBXBuildFile; fileRef = 1ACD92A380F2A9E4C08FAE9A /* KeychainStore.swift */; };
		EE168997740962CEA66E660F /* CalculationTests.swift in Sources */ = {isa = PBXBuildFile; fileRef = 9A799124A11794B79425ABDD /* CalculationTests.swift */; };
		EE943ECA5D14C14B6EB6E067 /* InboxImporter.swift in Sources */ = {isa = PBXBuildFile; fileRef = A89F896085F36AD0B66C51C1 /* InboxImporter.swift */; };
		EFA8D473F9746301CD782FA3 /* AppEnvironment.swift in Sources */ = {isa = PBXBuildFile; fileRef = 1D536CC12E224AC45A2E2B6E /* AppEnvironment.swift */; };
		F3497EE578C6F15BE94FE284 /* DuplicateChargeRule.swift in Sources */ = {isa = PBXBuildFile; fileRef = 5BF94D73002D8C38FA2A6938 /* DuplicateChargeRule.swift */; };
		F3638AA7DDA3B91E49048BE9 /* LEVERUITests.swift in Sources */ = {isa = PBXBuildFile; fileRef = B8BA520F9BDF1B0BF1A5C2DB /* LEVERUITests.swift */; };
		F5035F5E15BCD5B74DC07FDF /* DocumentFileStore.swift in Sources */ = {isa = PBXBuildFile; fileRef = 37D09B1DE636443A19AFCAD7 /* DocumentFileStore.swift */; };
		F802BB5285100035876F8DCC /* SpotlightIndexer.swift in Sources */ = {isa = PBXBuildFile; fileRef = EBE03097FC0EF5B809F016C7 /* SpotlightIndexer.swift */; };
		FAEC462E4EE923D0971543D4 /* OnboardingView.swift in Sources */ = {isa = PBXBuildFile; fileRef = 999BAC4908D652005A135211 /* OnboardingView.swift */; };
		FBECF442532F7E46F931AAC2 /* LEVERWidgets.swift in Sources */ = {isa = PBXBuildFile; fileRef = 279DDC180746D21FCAAB9E7A /* LEVERWidgets.swift */; };
		FCDD44B794824CA4B15430BC /* LEVERApp.swift in Sources */ = {isa = PBXBuildFile; fileRef = 9F805238E15A866B6DFF5D14 /* LEVERApp.swift */; };
		FDF92D2A14A2F8E266724B83 /* RegexHelpers.swift in Sources */ = {isa = PBXBuildFile; fileRef = BD15CE75E1B0146DF1164A5B /* RegexHelpers.swift */; };
		FFFB1AE2E45F14B0791F1EC0 /* EmailImportSource.swift in Sources */ = {isa = PBXBuildFile; fileRef = 4FC71EE0F59F0D70370DA128 /* EmailImportSource.swift */; };
/* End PBXBuildFile section */

/* Begin PBXContainerItemProxy section */
		0C7373F7EBBB1616A0B26AE9 /* PBXContainerItemProxy */ = {
			isa = PBXContainerItemProxy;
			containerPortal = D41E5943142D95E3BFC0146A /* Project object */;
			proxyType = 1;
			remoteGlobalIDString = 26067575002B284CA02449B9;
			remoteInfo = LEVERShareExtension;
		};
		3E74328E7311AC6DC24F3966 /* PBXContainerItemProxy */ = {
			isa = PBXContainerItemProxy;
			containerPortal = D41E5943142D95E3BFC0146A /* Project object */;
			proxyType = 1;
			remoteGlobalIDString = F65AC5BFBDEE0F774C31B912;
			remoteInfo = LEVERWidgets;
		};
		5A709B3BB5DACE67ECCCD33A /* PBXContainerItemProxy */ = {
			isa = PBXContainerItemProxy;
			containerPortal = D41E5943142D95E3BFC0146A /* Project object */;
			proxyType = 1;
			remoteGlobalIDString = 81D3E14D764F2D96BBCD670C;
			remoteInfo = LEVER;
		};
		73EFED1A57851824663CE4C3 /* PBXContainerItemProxy */ = {
			isa = PBXContainerItemProxy;
			containerPortal = D41E5943142D95E3BFC0146A /* Project object */;
			proxyType = 1;
			remoteGlobalIDString = 81D3E14D764F2D96BBCD670C;
			remoteInfo = LEVER;
		};
/* End PBXContainerItemProxy section */

/* Begin PBXCopyFilesBuildPhase section */
		BB3AB4BA9ADE7298823A3725 /* Embed Foundation Extensions */ = {
			isa = PBXCopyFilesBuildPhase;
			buildActionMask = 2147483647;
			dstPath = "";
			dstSubfolderSpec = 13;
			files = (
				BCD1B411AA645FAB10375E92 /* LEVERShareExtension.appex in Embed Foundation Extensions */,
				85E2F20EBCFF542B9ABA4F0F /* LEVERWidgets.appex in Embed Foundation Extensions */,
			);
			name = "Embed Foundation Extensions";
			runOnlyForDeploymentPostprocessing = 0;
		};
/* End PBXCopyFilesBuildPhase section */

/* Begin PBXFileReference section */
		0048F0A94E155C667710F9BD /* LEVER.app */ = {isa = PBXFileReference; includeInIndex = 0; lastKnownFileType = wrapper.application; path = LEVER.app; sourceTree = BUILT_PRODUCTS_DIR; };
		00C33FBFF05C77B19900C095 /* Theme.swift */ = {isa = PBXFileReference; lastKnownFileType = sourcecode.swift; path = Theme.swift; sourceTree = "<group>"; };
		038B6B829D8216C7B7940DE8 /* Enums.swift */ = {isa = PBXFileReference; lastKnownFileType = sourcecode.swift; path = Enums.swift; sourceTree = "<group>"; };
		0624A75CE8216D07EED82F6F /* ActionPlanGenerator.swift */ = {isa = PBXFileReference; lastKnownFileType = sourcecode.swift; path = ActionPlanGenerator.swift; sourceTree = "<group>"; };
		07EA39B034B4F08804414AE1 /* GmailImportSource.swift */ = {isa = PBXFileReference; lastKnownFileType = sourcecode.swift; path = GmailImportSource.swift; sourceTree = "<group>"; };
		0A3B5DDFDF24F35E08F34D66 /* NotificationDelegate.swift */ = {isa = PBXFileReference; lastKnownFileType = sourcecode.swift; path = NotificationDelegate.swift; sourceTree = "<group>"; };
		0D833A97F5AE4A7080866DC7 /* PersistenceAndServicesTests.swift */ = {isa = PBXFileReference; lastKnownFileType = sourcecode.swift; path = PersistenceAndServicesTests.swift; sourceTree = "<group>"; };
		0F44DF32C498EB491B3EF33D /* SettingsView.swift */ = {isa = PBXFileReference; lastKnownFileType = sourcecode.swift; path = SettingsView.swift; sourceTree = "<group>"; };
		13E5849CE1FB9A690C8A967F /* SourcesUITests.swift */ = {isa = PBXFileReference; lastKnownFileType = sourcecode.swift; path = SourcesUITests.swift; sourceTree = "<group>"; };
		15531EDE25870A9868C2BD49 /* ModelContainerFactory.swift */ = {isa = PBXFileReference; lastKnownFileType = sourcecode.swift; path = ModelContainerFactory.swift; sourceTree = "<group>"; };
		18D4EF2719484F81CCDF3C8A /* EngagementTests.swift */ = {isa = PBXFileReference; lastKnownFileType = sourcecode.swift; path = EngagementTests.swift; sourceTree = "<group>"; };
		199D5A814A71D3FBA5642EBC /* BiometricAuthService.swift */ = {isa = PBXFileReference; lastKnownFileType = sourcecode.swift; path = BiometricAuthService.swift; sourceTree = "<group>"; };
		1ACD92A380F2A9E4C08FAE9A /* KeychainStore.swift */ = {isa = PBXFileReference; lastKnownFileType = sourcecode.swift; path = KeychainStore.swift; sourceTree = "<group>"; };
		1D06E1B8F7AF65CC3AA6799A /* PriceMonitorService.swift */ = {isa = PBXFileReference; lastKnownFileType = sourcecode.swift; path = PriceMonitorService.swift; sourceTree = "<group>"; };
		1D536CC12E224AC45A2E2B6E /* AppEnvironment.swift */ = {isa = PBXFileReference; lastKnownFileType = sourcecode.swift; path = AppEnvironment.swift; sourceTree = "<group>"; };
		2152296DDE4774BE96073556 /* DateMath.swift */ = {isa = PBXFileReference; lastKnownFileType = sourcecode.swift; path = DateMath.swift; sourceTree = "<group>"; };
		25320D5E1CA9DE3933298B3F /* ObservationTests.swift */ = {isa = PBXFileReference; lastKnownFileType = sourcecode.swift; path = ObservationTests.swift; sourceTree = "<group>"; };
		2575670B5117B2022B56B59E /* LeverIntents.swift */ = {isa = PBXFileReference; lastKnownFileType = sourcecode.swift; path = LeverIntents.swift; sourceTree = "<group>"; };
		26A43C646EE878EEA133E836 /* AnalyticsService.swift */ = {isa = PBXFileReference; lastKnownFileType = sourcecode.swift; path = AnalyticsService.swift; sourceTree = "<group>"; };
		279DDC180746D21FCAAB9E7A /* LEVERWidgets.swift */ = {isa = PBXFileReference; lastKnownFileType = sourcecode.swift; path = LEVERWidgets.swift; sourceTree = "<group>"; };
		285A11756F8FE0C486962EE9 /* Badges.swift */ = {isa = PBXFileReference; lastKnownFileType = sourcecode.swift; path = Badges.swift; sourceTree = "<group>"; };
		2E5DD9E3E4B98900BDC751BE /* FamilyView.swift */ = {isa = PBXFileReference; lastKnownFileType = sourcecode.swift; path = FamilyView.swift; sourceTree = "<group>"; };
		30F8E1392F7390364AB7888E /* SourcesView.swift */ = {isa = PBXFileReference; lastKnownFileType = sourcecode.swift; path = SourcesView.swift; sourceTree = "<group>"; };
		312F94A9435FCE7B8FE71E53 /* Layout.swift */ = {isa = PBXFileReference; lastKnownFileType = sourcecode.swift; path = Layout.swift; sourceTree = "<group>"; };
		3211D7CFB388EFB45088D7AF /* RootView.swift */ = {isa = PBXFileReference; lastKnownFileType = sourcecode.swift; path = RootView.swift; sourceTree = "<group>"; };
		37D09B1DE636443A19AFCAD7 /* DocumentFileStore.swift */ = {isa = PBXFileReference; lastKnownFileType = sourcecode.swift; path = DocumentFileStore.swift; sourceTree = "<group>"; };
		37E18FF2B28481F95D6CC9EC /* PurchaseTransfer.swift */ = {isa = PBXFileReference; lastKnownFileType = sourcecode.swift; path = PurchaseTransfer.swift; sourceTree = "<group>"; };
		3965D73EAD3F63ABA9EF5C59 /* ClaimGenerator.swift */ = {isa = PBXFileReference; lastKnownFileType = sourcecode.swift; path = ClaimGenerator.swift; sourceTree = "<group>"; };
		396F42DEC5D0925CB84A82A7 /* GeminiIntelligenceProvider.swift */ = {isa = PBXFileReference; lastKnownFileType = sourcecode.swift; path = GeminiIntelligenceProvider.swift; sourceTree = "<group>"; };
		3E0FEB9FC7ACEB3FF0FF9CB3 /* InsuranceRenewalRule.swift */ = {isa = PBXFileReference; lastKnownFileType = sourcecode.swift; path = InsuranceRenewalRule.swift; sourceTree = "<group>"; };
		438D9B9C28F7294323976C18 /* PublicPagePriceMonitor.swift */ = {isa = PBXFileReference; lastKnownFileType = sourcecode.swift; path = PublicPagePriceMonitor.swift; sourceTree = "<group>"; };
		43EC870D5F81B649D45FA2B8 /* EditPurchaseSheet.swift */ = {isa = PBXFileReference; lastKnownFileType = sourcecode.swift; path = EditPurchaseSheet.swift; sourceTree = "<group>"; };
		458359C20FF3434081BA746F /* PrivacyCenterView.swift */ = {isa = PBXFileReference; lastKnownFileType = sourcecode.swift; path = PrivacyCenterView.swift; sourceTree = "<group>"; };
		46D0D5BC9534EF41E7262C74 /* AmountParser.swift */ = {isa = PBXFileReference; lastKnownFileType = sourcecode.swift; path = AmountParser.swift; sourceTree = "<group>"; };
		49AD6CF10EF50614DD4ABA50 /* StatementImporter.swift */ = {isa = PBXFileReference; lastKnownFileType = sourcecode.swift; path = StatementImporter.swift; sourceTree = "<group>"; };
		4A7826E8BF19C35378699750 /* Opportunity.swift */ = {isa = PBXFileReference; lastKnownFileType = sourcecode.swift; path = Opportunity.swift; sourceTree = "<group>"; };
		4B33BD45E06F581BFBBB50C0 /* DailyUseUITests.swift */ = {isa = PBXFileReference; lastKnownFileType = sourcecode.swift; path = DailyUseUITests.swift; sourceTree = "<group>"; };
		4BA628FFE1EAF4E963F6C583 /* ScreenshotWatcher.swift */ = {isa = PBXFileReference; lastKnownFileType = sourcecode.swift; path = ScreenshotWatcher.swift; sourceTree = "<group>"; };
		4DCDBEEB369BDF081E43A6EB /* IntelligenceProvider.swift */ = {isa = PBXFileReference; lastKnownFileType = sourcecode.swift; path = IntelligenceProvider.swift; sourceTree = "<group>"; };
		4E4D09B1BE3F1CF5EDB9D84D /* Products.storekit */ = {isa = PBXFileReference; path = Products.storekit; sourceTree = "<group>"; };
		4EEFD153BF18718A7267BCC6 /* CalendarExporter.swift */ = {isa = PBXFileReference; lastKnownFileType = sourcecode.swift; path = CalendarExporter.swift; sourceTree = "<group>"; };
		4F4CEC7B78E9381A63689442 /* NegotiationView.swift */ = {isa = PBXFileReference; lastKnownFileType = sourcecode.swift; path = NegotiationView.swift; sourceTree = "<group>"; };
		4FC71EE0F59F0D70370DA128 /* EmailImportSource.swift */ = {isa = PBXFileReference; lastKnownFileType = sourcecode.swift; path = EmailImportSource.swift; sourceTree = "<group>"; };
		51416E1D01FB6EB3E150EA7F /* CaptureViewModel.swift */ = {isa = PBXFileReference; lastKnownFileType = sourcecode.swift; path = CaptureViewModel.swift; sourceTree = "<group>"; };
		532E8465550784CE592D6AF4 /* DateParser.swift */ = {isa = PBXFileReference; lastKnownFileType = sourcecode.swift; path = DateParser.swift; sourceTree = "<group>"; };
		53ACB7291F0B90C13882473C /* MerchantDirectory.swift */ = {isa = PBXFileReference; lastKnownFileType = sourcecode.swift; path = MerchantDirectory.swift; sourceTree = "<group>"; };
		562E54D1338012C81D106BA3 /* Assets.xcassets */ = {isa = PBXFileReference; lastKnownFileType = folder.assetcatalog; path = Assets.xcassets; sourceTree = "<group>"; };
		5BF94D73002D8C38FA2A6938 /* DuplicateChargeRule.swift */ = {isa = PBXFileReference; lastKnownFileType = sourcecode.swift; path = DuplicateChargeRule.swift; sourceTree = "<group>"; };
		605A0FCBC5F5F5D0B9E3DB6D /* SampleDataSeeder.swift */ = {isa = PBXFileReference; lastKnownFileType = sourcecode.swift; path = SampleDataSeeder.swift; sourceTree = "<group>"; };
		60D52C462CA8435A7747E784 /* ResaleEstimator.swift */ = {isa = PBXFileReference; lastKnownFileType = sourcecode.swift; path = ResaleEstimator.swift; sourceTree = "<group>"; };
		61298BEA3D71FCDD7CE4D81A /* DocumentParser.swift */ = {isa = PBXFileReference; lastKnownFileType = sourcecode.swift; path = DocumentParser.swift; sourceTree = "<group>"; };
		6131AB07DCF728E199582EC3 /* ExpansionTests.swift */ = {isa = PBXFileReference; lastKnownFileType = sourcecode.swift; path = ExpansionTests.swift; sourceTree = "<group>"; };
		6289D7D56D39A9C3AB3F4B03 /* DocumentScannerView.swift */ = {isa = PBXFileReference; lastKnownFileType = sourcecode.swift; path = DocumentScannerView.swift; sourceTree = "<group>"; };
		64A314F4C44C60DB3DDA32D5 /* MoneyAmount.swift */ = {isa = PBXFileReference; lastKnownFileType = sourcecode.swift; path = MoneyAmount.swift; sourceTree = "<group>"; };
		64DFA0078458A2BA66EF32CB /* LEVERWidgets.appex */ = {isa = PBXFileReference; includeInIndex = 0; lastKnownFileType = "wrapper.app-extension"; path = LEVERWidgets.appex; sourceTree = BUILT_PRODUCTS_DIR; };
		65384D6954394F9EAE9983E1 /* Monogram.swift */ = {isa = PBXFileReference; lastKnownFileType = sourcecode.swift; path = Monogram.swift; sourceTree = "<group>"; };
		67BAEE97CB2310EF412481B7 /* OpportunityEngine.swift */ = {isa = PBXFileReference; lastKnownFileType = sourcecode.swift; path = OpportunityEngine.swift; sourceTree = "<group>"; };
		67EE41461BF5842864607D4E /* Protocols.swift */ = {isa = PBXFileReference; lastKnownFileType = sourcecode.swift; path = Protocols.swift; sourceTree = "<group>"; };
		687F80D79F596F965D120F61 /* FightForMeView.swift */ = {isa = PBXFileReference; lastKnownFileType = sourcecode.swift; path = FightForMeView.swift; sourceTree = "<group>"; };
		68B3D2826938DC4186DAB3B8 /* OpportunityRanker.swift */ = {isa = PBXFileReference; lastKnownFileType = sourcecode.swift; path = OpportunityRanker.swift; sourceTree = "<group>"; };
		71CDF307272B0F03BBCFD7C2 /* NotificationService.swift */ = {isa = PBXFileReference; lastKnownFileType = sourcecode.swift; path = NotificationService.swift; sourceTree = "<group>"; };
		73D0A57A8C87BAB6B18E6D1C /* MerchantAvatar.swift */ = {isa = PBXFileReference; lastKnownFileType = sourcecode.swift; path = MerchantAvatar.swift; sourceTree = "<group>"; };
		791CC9D8004ECDC8DA587E48 /* PaywallView.swift */ = {isa = PBXFileReference; lastKnownFileType = sourcecode.swift; path = PaywallView.swift; sourceTree = "<group>"; };
		80451DA5D69EA7582F99BF74 /* PurchaseProtectionRule.swift */ = {isa = PBXFileReference; lastKnownFileType = sourcecode.swift; path = PurchaseProtectionRule.swift; sourceTree = "<group>"; };
		81790824C22725D43AF09023 /* PurchaseDetailView.swift */ = {isa = PBXFileReference; lastKnownFileType = sourcecode.swift; path = PurchaseDetailView.swift; sourceTree = "<group>"; };
		8192D0F248DF91596EC4415B /* LEVERShareExtension.entitlements */ = {isa = PBXFileReference; lastKnownFileType = text.plist.entitlements; path = LEVERShareExtension.entitlements; sourceTree = "<group>"; };
		84E4165F3907594F87ADF993 /* SavingsView.swift */ = {isa = PBXFileReference; lastKnownFileType = sourcecode.swift; path = SavingsView.swift; sourceTree = "<group>"; };
		852FEB56127D43294384DE74 /* Cards.swift */ = {isa = PBXFileReference; lastKnownFileType = sourcecode.swift; path = Cards.swift; sourceTree = "<group>"; };
		8B39F8035DC9B36A451BB259 /* SavingsConfirmationSheet.swift */ = {isa = PBXFileReference; lastKnownFileType = sourcecode.swift; path = SavingsConfirmationSheet.swift; sourceTree = "<group>"; };
		8BBCB66A1236FFCE9418B68E /* Buttons.swift */ = {isa = PBXFileReference; lastKnownFileType = sourcecode.swift; path = Buttons.swift; sourceTree = "<group>"; };
		9228728BCDC955472BD8C811 /* ShareViewController.swift */ = {isa = PBXFileReference; lastKnownFileType = sourcecode.swift; path = ShareViewController.swift; sourceTree = "<group>"; };
		97C26F93893A8C6663D55668 /* OpportunityContext.swift */ = {isa = PBXFileReference; lastKnownFileType = sourcecode.swift; path = OpportunityContext.swift; sourceTree = "<group>"; };
		999BAC4908D652005A135211 /* OnboardingView.swift */ = {isa = PBXFileReference; lastKnownFileType = sourcecode.swift; path = OnboardingView.swift; sourceTree = "<group>"; };
		9A799124A11794B79425ABDD /* CalculationTests.swift */ = {isa = PBXFileReference; lastKnownFileType = sourcecode.swift; path = CalculationTests.swift; sourceTree = "<group>"; };
		9C7124CFC52CAD00DD2D01C2 /* EmailImportView.swift */ = {isa = PBXFileReference; lastKnownFileType = sourcecode.swift; path = EmailImportView.swift; sourceTree = "<group>"; };
		9F59F52B6DBC19F1EF80EEC2 /* LEVERShareExtension.appex */ = {isa = PBXFileReference; includeInIndex = 0; lastKnownFileType = "wrapper.app-extension"; path = LEVERShareExtension.appex; sourceTree = BUILT_PRODUCTS_DIR; };
		9F805238E15A866B6DFF5D14 /* LEVERApp.swift */ = {isa = PBXFileReference; lastKnownFileType = sourcecode.swift; path = LEVERApp.swift; sourceTree = "<group>"; };
		9FCCA7D412133E8C07530EC3 /* SavingsEvent.swift */ = {isa = PBXFileReference; lastKnownFileType = sourcecode.swift; path = SavingsEvent.swift; sourceTree = "<group>"; };
		A66CCF5FEA8307A7D150EA67 /* StoredDocument.swift */ = {isa = PBXFileReference; lastKnownFileType = sourcecode.swift; path = StoredDocument.swift; sourceTree = "<group>"; };
		A7883CC339EFF03357ABA8CB /* LiveActivityManager.swift */ = {isa = PBXFileReference; lastKnownFileType = sourcecode.swift; path = LiveActivityManager.swift; sourceTree = "<group>"; };
		A89F896085F36AD0B66C51C1 /* InboxImporter.swift */ = {isa = PBXFileReference; lastKnownFileType = sourcecode.swift; path = InboxImporter.swift; sourceTree = "<group>"; };
		A91871E9E1F4786AFFF5C2D0 /* ExchangeRateService.swift */ = {isa = PBXFileReference; lastKnownFileType = sourcecode.swift; path = ExchangeRateService.swift; sourceTree = "<group>"; };
		AA58A13AA19D5CD932FC6054 /* DocumentClassifier.swift */ = {isa = PBXFileReference; lastKnownFileType = sourcecode.swift; path = DocumentClassifier.swift; sourceTree = "<group>"; };
		AB6105381A79963702529AC8 /* Money.swift */ = {isa = PBXFileReference; lastKnownFileType = sourcecode.swift; path = Money.swift; sourceTree = "<group>"; };
		ACEBB0D316C125CA74A60E84 /* Purchase.swift */ = {isa = PBXFileReference; lastKnownFileType = sourcecode.swift; path = Purchase.swift; sourceTree = "<group>"; };
		ADBEB31BC0C627A500E3E634 /* StatementReviewView.swift */ = {isa = PBXFileReference; lastKnownFileType = sourcecode.swift; path = StatementReviewView.swift; sourceTree = "<group>"; };
		AE09FF3D31AAF47C706EC4C6 /* ReturnDeadlineRule.swift */ = {isa = PBXFileReference; lastKnownFileType = sourcecode.swift; path = ReturnDeadlineRule.swift; sourceTree = "<group>"; };
		AE573EEED66D3EB0A36FB849 /* ExternalServicesTests.swift */ = {isa = PBXFileReference; lastKnownFileType = sourcecode.swift; path = ExternalServicesTests.swift; sourceTree = "<group>"; };
		AEA1D3B563FB113D0FACF6D9 /* NegotiationAssistant.swift */ = {isa = PBXFileReference; lastKnownFileType = sourcecode.swift; path = NegotiationAssistant.swift; sourceTree = "<group>"; };
		B0C7EB1CAE78943E058D2F4D /* LEVERUITests.xctest */ = {isa = PBXFileReference; includeInIndex = 0; lastKnownFileType = wrapper.cfbundle; path = LEVERUITests.xctest; sourceTree = BUILT_PRODUCTS_DIR; };
		B0EAD672A7792F1ECC3CC75C /* PurchaseRepository+Family.swift */ = {isa = PBXFileReference; lastKnownFileType = sourcecode.swift; path = "PurchaseRepository+Family.swift"; sourceTree = "<group>"; };
		B370508A19ACCF1CB1EB06C5 /* SubscriptionRenewalRule.swift */ = {isa = PBXFileReference; lastKnownFileType = sourcecode.swift; path = SubscriptionRenewalRule.swift; sourceTree = "<group>"; };
		B380C566E972FF9271CF1EB3 /* Haptics.swift */ = {isa = PBXFileReference; lastKnownFileType = sourcecode.swift; path = Haptics.swift; sourceTree = "<group>"; };
		B8BA520F9BDF1B0BF1A5C2DB /* LEVERUITests.swift */ = {isa = PBXFileReference; lastKnownFileType = sourcecode.swift; path = LEVERUITests.swift; sourceTree = "<group>"; };
		BD15CE75E1B0146DF1164A5B /* RegexHelpers.swift */ = {isa = PBXFileReference; lastKnownFileType = sourcecode.swift; path = RegexHelpers.swift; sourceTree = "<group>"; };
		BE3A49C43215E8976E193423 /* ClaimComposerView.swift */ = {isa = PBXFileReference; lastKnownFileType = sourcecode.swift; path = ClaimComposerView.swift; sourceTree = "<group>"; };
		BF0F04FB2C3ECD519FDF12C6 /* DeadlineActivityAttributes.swift */ = {isa = PBXFileReference; lastKnownFileType = sourcecode.swift; path = DeadlineActivityAttributes.swift; sourceTree = "<group>"; };
		BFB437BF9A267020937B5E60 /* StoreService.swift */ = {isa = PBXFileReference; lastKnownFileType = sourcecode.swift; path = StoreService.swift; sourceTree = "<group>"; };
		C0DB90CAC25F625A0592ACBB /* SourcesTests.swift */ = {isa = PBXFileReference; lastKnownFileType = sourcecode.swift; path = SourcesTests.swift; sourceTree = "<group>"; };
		C32890B491F23B5B8F20D13E /* AppGroup.swift */ = {isa = PBXFileReference; lastKnownFileType = sourcecode.swift; path = AppGroup.swift; sourceTree = "<group>"; };
		C7A855C086A3FA2B2FE2B644 /* Warranty.swift */ = {isa = PBXFileReference; lastKnownFileType = sourcecode.swift; path = Warranty.swift; sourceTree = "<group>"; };
		C8BE7B948BC52928B99D7847 /* VaultView.swift */ = {isa = PBXFileReference; lastKnownFileType = sourcecode.swift; path = VaultView.swift; sourceTree = "<group>"; };
		C9EA71FEB5C25107A4E43B65 /* DocumentParserTests.swift */ = {isa = PBXFileReference; lastKnownFileType = sourcecode.swift; path = DocumentParserTests.swift; sourceTree = "<group>"; };
		CD800386AEE99FF8A7F43517 /* PurchaseRepository.swift */ = {isa = PBXFileReference; lastKnownFileType = sourcecode.swift; path = PurchaseRepository.swift; sourceTree = "<group>"; };
		CE290BE8FB7C70C125159EED /* HomeView.swift */ = {isa = PBXFileReference; lastKnownFileType = sourcecode.swift; path = HomeView.swift; sourceTree = "<group>"; };
		D31F3F76B34B7B0D04773AC7 /* LEVER.entitlements */ = {isa = PBXFileReference; lastKnownFileType = text.plist.entitlements; path = LEVER.entitlements; sourceTree = "<group>"; };
		D3213942DE2129FAD119FDE2 /* PurchaseRepository+Sources.swift */ = {isa = PBXFileReference; lastKnownFileType = sourcecode.swift; path = "PurchaseRepository+Sources.swift"; sourceTree = "<group>"; };
		D62BB8D84C2B098C9D19E889 /* OCRService.swift */ = {isa = PBXFileReference; lastKnownFileType = sourcecode.swift; path = OCRService.swift; sourceTree = "<group>"; };
		D72EFE32DC74313E9FE3C5EF /* InboxItem.swift */ = {isa = PBXFileReference; lastKnownFileType = sourcecode.swift; path = InboxItem.swift; sourceTree = "<group>"; };
		D7418F8AEDC76CC342B0908A /* MerchantIdentityService.swift */ = {isa = PBXFileReference; lastKnownFileType = sourcecode.swift; path = MerchantIdentityService.swift; sourceTree = "<group>"; };
		D88FE9DE598F10F3F86C63FA /* OpportunityDetailView.swift */ = {isa = PBXFileReference; lastKnownFileType = sourcecode.swift; path = OpportunityDetailView.swift; sourceTree = "<group>"; };
		DE1EAE41F31D6101879C72ED /* LEVERWidgets.entitlements */ = {isa = PBXFileReference; lastKnownFileType = text.plist.entitlements; path = LEVERWidgets.entitlements; sourceTree = "<group>"; };
		E30FA722796014466EB4E356 /* WalletTransactionSource.swift */ = {isa = PBXFileReference; lastKnownFileType = sourcecode.swift; path = WalletTransactionSource.swift; sourceTree = "<group>"; };
		E59853E27108B96393B1C150 /* WarrantyExpirationRule.swift */ = {isa = PBXFileReference; lastKnownFileType = sourcecode.swift; path = WarrantyExpirationRule.swift; sourceTree = "<group>"; };
		E6E514BF9DE9E77D15E47E43 /* DocumentReviewView.swift */ = {isa = PBXFileReference; lastKnownFileType = sourcecode.swift; path = DocumentReviewView.swift; sourceTree = "<group>"; };
		E7CA1059A64F29A80E7CA630 /* PriceDropRule.swift */ = {isa = PBXFileReference; lastKnownFileType = sourcecode.swift; path = PriceDropRule.swift; sourceTree = "<group>"; };
		E9A33A55111796E6B70E52FC /* PurchaseDocument.swift */ = {isa = PBXFileReference; lastKnownFileType = sourcecode.swift; path = PurchaseDocument.swift; sourceTree = "<group>"; };
		E9AFF91F366EF0DEC4C70E71 /* WidgetSnapshot.swift */ = {isa = PBXFileReference; lastKnownFileType = sourcecode.swift; path = WidgetSnapshot.swift; sourceTree = "<group>"; };
		EA7294561B87E964EA45617F /* FeeDetectionRule.swift */ = {isa = PBXFileReference; lastKnownFileType = sourcecode.swift; path = FeeDetectionRule.swift; sourceTree = "<group>"; };
		EB346335C3F9917C35FA6C3F /* DailyUseTests.swift */ = {isa = PBXFileReference; lastKnownFileType = sourcecode.swift; path = DailyUseTests.swift; sourceTree = "<group>"; };
		EBE03097FC0EF5B809F016C7 /* SpotlightIndexer.swift */ = {isa = PBXFileReference; lastKnownFileType = sourcecode.swift; path = SpotlightIndexer.swift; sourceTree = "<group>"; };
		EFA2C84BA50F8085DC15AE22 /* CaptureView.swift */ = {isa = PBXFileReference; lastKnownFileType = sourcecode.swift; path = CaptureView.swift; sourceTree = "<group>"; };
		F516238B696D28471BE7B6BE /* OpportunityEngineTests.swift */ = {isa = PBXFileReference; lastKnownFileType = sourcecode.swift; path = OpportunityEngineTests.swift; sourceTree = "<group>"; };
		F6D28FDE0E6EAD042D8F001E /* LEVERTests.xctest */ = {isa = PBXFileReference; includeInIndex = 0; lastKnownFileType = wrapper.cfbundle; path = LEVERTests.xctest; sourceTree = BUILT_PRODUCTS_DIR; };
		F6FCEB76B87BD795A40AB40C /* Subscription.swift */ = {isa = PBXFileReference; lastKnownFileType = sourcecode.swift; path = Subscription.swift; sourceTree = "<group>"; };
		F8655612A85421A14979559C /* MagicMomentView.swift */ = {isa = PBXFileReference; lastKnownFileType = sourcecode.swift; path = MagicMomentView.swift; sourceTree = "<group>"; };
		FBD6A09027E4835F6AF540FE /* AppRouter.swift */ = {isa = PBXFileReference; lastKnownFileType = sourcecode.swift; path = AppRouter.swift; sourceTree = "<group>"; };
/* End PBXFileReference section */

/* Begin PBXGroup section */
		044447B07CFE702FCC84AEF4 /* OCR */ = {
			isa = PBXGroup;
			children = (
				D62BB8D84C2B098C9D19E889 /* OCRService.swift */,
			);
			path = OCR;
			sourceTree = "<group>";
		};
		07ABEABEB5E74AE9E46EBBF5 /* Savings */ = {
			isa = PBXGroup;
			children = (
				8B39F8035DC9B36A451BB259 /* SavingsConfirmationSheet.swift */,
				84E4165F3907594F87ADF993 /* SavingsView.swift */,
			);
			path = Savings;
			sourceTree = "<group>";
		};
		0CB9282A0858477F10942310 /* Models */ = {
			isa = PBXGroup;
			children = (
				038B6B829D8216C7B7940DE8 /* Enums.swift */,
				4A7826E8BF19C35378699750 /* Opportunity.swift */,
				ACEBB0D316C125CA74A60E84 /* Purchase.swift */,
				E9A33A55111796E6B70E52FC /* PurchaseDocument.swift */,
				9FCCA7D412133E8C07530EC3 /* SavingsEvent.swift */,
				A66CCF5FEA8307A7D150EA67 /* StoredDocument.swift */,
				F6FCEB76B87BD795A40AB40C /* Subscription.swift */,
				C7A855C086A3FA2B2FE2B644 /* Warranty.swift */,
			);
			path = Models;
			sourceTree = "<group>";
		};
		0E5B8F791F1D6B1F1DBD1488 /* Vault */ = {
			isa = PBXGroup;
			children = (
				C8BE7B948BC52928B99D7847 /* VaultView.swift */,
			);
			path = Vault;
			sourceTree = "<group>";
		};
		0F5F8774C22A40A2CFF222EF /* Notifications */ = {
			isa = PBXGroup;
			children = (
				A7883CC339EFF03357ABA8CB /* LiveActivityManager.swift */,
				0A3B5DDFDF24F35E08F34D66 /* NotificationDelegate.swift */,
				71CDF307272B0F03BBCFD7C2 /* NotificationService.swift */,
			);
			path = Notifications;
			sourceTree = "<group>";
		};
		0FC8E2873AB610BA3351D474 /* Policies */ = {
			isa = PBXGroup;
			children = (
			);
			path = Policies;
			sourceTree = "<group>";
		};
		1108BF17F405AD9D61B119CE /* External */ = {
			isa = PBXGroup;
			children = (
				A91871E9E1F4786AFFF5C2D0 /* ExchangeRateService.swift */,
				D7418F8AEDC76CC342B0908A /* MerchantIdentityService.swift */,
			);
			path = External;
			sourceTree = "<group>";
		};
		1691A6F6F9F025614FAAA846 /* Utilities */ = {
			isa = PBXGroup;
			children = (
				2152296DDE4774BE96073556 /* DateMath.swift */,
				B380C566E972FF9271CF1EB3 /* Haptics.swift */,
				AB6105381A79963702529AC8 /* Money.swift */,
			);
			path = Utilities;
			sourceTree = "<group>";
		};
		1955D534AF93B0FB80CAD6C7 /* Sources */ = {
			isa = PBXGroup;
			children = (
				30F8E1392F7390364AB7888E /* SourcesView.swift */,
				ADBEB31BC0C627A500E3E634 /* StatementReviewView.swift */,
			);
			path = Sources;
			sourceTree = "<group>";
		};
		25621AA0D1D52AD852585685 /* Extensions */ = {
			isa = PBXGroup;
			children = (
			);
			path = Extensions;
			sourceTree = "<group>";
		};
		3384CB362DAF2FB68506706D /* Home */ = {
			isa = PBXGroup;
			children = (
				CE290BE8FB7C70C125159EED /* HomeView.swift */,
			);
			path = Home;
			sourceTree = "<group>";
		};
		34F7072AB0ECFF8325127F1E /* Rules */ = {
			isa = PBXGroup;
			children = (
				5BF94D73002D8C38FA2A6938 /* DuplicateChargeRule.swift */,
				EA7294561B87E964EA45617F /* FeeDetectionRule.swift */,
				3E0FEB9FC7ACEB3FF0FF9CB3 /* InsuranceRenewalRule.swift */,
				E7CA1059A64F29A80E7CA630 /* PriceDropRule.swift */,
				80451DA5D69EA7582F99BF74 /* PurchaseProtectionRule.swift */,
				AE09FF3D31AAF47C706EC4C6 /* ReturnDeadlineRule.swift */,
				B370508A19ACCF1CB1EB06C5 /* SubscriptionRenewalRule.swift */,
				E59853E27108B96393B1C150 /* WarrantyExpirationRule.swift */,
			);
			path = Rules;
			sourceTree = "<group>";
		};
		394A84A1AAEC535B6FBBE7EC /* LEVERUITests */ = {
			isa = PBXGroup;
			children = (
				4B33BD45E06F581BFBBB50C0 /* DailyUseUITests.swift */,
				B8BA520F9BDF1B0BF1A5C2DB /* LEVERUITests.swift */,
				13E5849CE1FB9A690C8A967F /* SourcesUITests.swift */,
			);
			path = LEVERUITests;
			sourceTree = "<group>";
		};
		419FE9542D844D7633DEFC0A /* Core */ = {
			isa = PBXGroup;
			children = (
				7F86663DB02F1F2D00771A94 /* DesignSystem */,
				25621AA0D1D52AD852585685 /* Extensions */,
				1691A6F6F9F025614FAAA846 /* Utilities */,
			);
			path = Core;
			sourceTree = "<group>";
		};
		43DB1633C5EBA1E2CF2F94F5 /* Email */ = {
			isa = PBXGroup;
			children = (
				9C7124CFC52CAD00DD2D01C2 /* EmailImportView.swift */,
			);
			path = Email;
			sourceTree = "<group>";
		};
		4A6591BD7E76828EEB581BA3 /* Tests */ = {
			isa = PBXGroup;
			children = (
				EB65DEA50E3CA25196ADA6D1 /* LEVERTests */,
				394A84A1AAEC535B6FBBE7EC /* LEVERUITests */,
			);
			path = Tests;
			sourceTree = "<group>";
		};
		4C91A9BA3C8F5507667B13CD /* SampleData */ = {
			isa = PBXGroup;
			children = (
				605A0FCBC5F5F5D0B9E3DB6D /* SampleDataSeeder.swift */,
			);
			path = SampleData;
			sourceTree = "<group>";
		};
		4DEB66DB98A2997A16CA8660 /* Purchase */ = {
			isa = PBXGroup;
			children = (
				43EC870D5F81B649D45FA2B8 /* EditPurchaseSheet.swift */,
				81790824C22725D43AF09023 /* PurchaseDetailView.swift */,
			);
			path = Purchase;
			sourceTree = "<group>";
		};
		4F78676640B33CCEC635327E /* Parsing */ = {
			isa = PBXGroup;
			children = (
				46D0D5BC9534EF41E7262C74 /* AmountParser.swift */,
				532E8465550784CE592D6AF4 /* DateParser.swift */,
				AA58A13AA19D5CD932FC6054 /* DocumentClassifier.swift */,
				61298BEA3D71FCDD7CE4D81A /* DocumentParser.swift */,
				53ACB7291F0B90C13882473C /* MerchantDirectory.swift */,
				BD15CE75E1B0146DF1164A5B /* RegexHelpers.swift */,
			);
			path = Parsing;
			sourceTree = "<group>";
		};
		5023165CE2BEA7EBEB296D69 /* Features */ = {
			isa = PBXGroup;
			children = (
				FE3A64456AADB3CDDEF87CBB /* Capture */,
				43DB1633C5EBA1E2CF2F94F5 /* Email */,
				91B3F9F7AF7CDE9B181E95DB /* Family */,
				3384CB362DAF2FB68506706D /* Home */,
				6FC606C1D5DBB4A960224440 /* Negotiation */,
				72283B443F27660EDF0B4547 /* Onboarding */,
				A197E406B7A5266FFD3A22EF /* Opportunity */,
				82E7989555D4FE2003202E06 /* Paywall */,
				4DEB66DB98A2997A16CA8660 /* Purchase */,
				07ABEABEB5E74AE9E46EBBF5 /* Savings */,
				9422CBD98B402B6AF2965D1F /* Settings */,
				1955D534AF93B0FB80CAD6C7 /* Sources */,
				CAB9AAD71A3C8416F9AF8F98 /* Subscriptions */,
				0E5B8F791F1D6B1F1DBD1488 /* Vault */,
			);
			path = Features;
			sourceTree = "<group>";
		};
		58630486A7BDA98FE5344840 /* ActionPlans */ = {
			isa = PBXGroup;
			children = (
				0624A75CE8216D07EED82F6F /* ActionPlanGenerator.swift */,
				3965D73EAD3F63ABA9EF5C59 /* ClaimGenerator.swift */,
				AEA1D3B563FB113D0FACF6D9 /* NegotiationAssistant.swift */,
			);
			path = ActionPlans;
			sourceTree = "<group>";
		};
		5CE839F0BC9F6FB94B365EC3 /* Resources */ = {
			isa = PBXGroup;
			children = (
				562E54D1338012C81D106BA3 /* Assets.xcassets */,
				D31F3F76B34B7B0D04773AC7 /* LEVER.entitlements */,
				4E4D09B1BE3F1CF5EDB9D84D /* Products.storekit */,
			);
			path = Resources;
			sourceTree = "<group>";
		};
		6605CD751E734A7B3FA7A970 /* Storage */ = {
			isa = PBXGroup;
			children = (
				37D09B1DE636443A19AFCAD7 /* DocumentFileStore.swift */,
				15531EDE25870A9868C2BD49 /* ModelContainerFactory.swift */,
				CD800386AEE99FF8A7F43517 /* PurchaseRepository.swift */,
				B0EAD672A7792F1ECC3CC75C /* PurchaseRepository+Family.swift */,
				D3213942DE2129FAD119FDE2 /* PurchaseRepository+Sources.swift */,
				EBE03097FC0EF5B809F016C7 /* SpotlightIndexer.swift */,
			);
			path = Storage;
			sourceTree = "<group>";
		};
		683490C09834BB0122E90EA9 /* Shared */ = {
			isa = PBXGroup;
			children = (
				C32890B491F23B5B8F20D13E /* AppGroup.swift */,
				BF0F04FB2C3ECD519FDF12C6 /* DeadlineActivityAttributes.swift */,
				D72EFE32DC74313E9FE3C5EF /* InboxItem.swift */,
				E9AFF91F366EF0DEC4C70E71 /* WidgetSnapshot.swift */,
			);
			path = Shared;
			sourceTree = "<group>";
		};
		6AB33D8EBF34B9C9A3815DFC /* Statements */ = {
			isa = PBXGroup;
			children = (
				49AD6CF10EF50614DD4ABA50 /* StatementImporter.swift */,
			);
			path = Statements;
			sourceTree = "<group>";
		};
		6FC606C1D5DBB4A960224440 /* Negotiation */ = {
			isa = PBXGroup;
			children = (
				4F4CEC7B78E9381A63689442 /* NegotiationView.swift */,
			);
			path = Negotiation;
			sourceTree = "<group>";
		};
		72283B443F27660EDF0B4547 /* Onboarding */ = {
			isa = PBXGroup;
			children = (
				999BAC4908D652005A135211 /* OnboardingView.swift */,
			);
			path = Onboarding;
			sourceTree = "<group>";
		};
		7BA38818FC35D3119DCE1F5D /* Intents */ = {
			isa = PBXGroup;
			children = (
				2575670B5117B2022B56B59E /* LeverIntents.swift */,
			);
			path = Intents;
			sourceTree = "<group>";
		};
		7F86663DB02F1F2D00771A94 /* DesignSystem */ = {
			isa = PBXGroup;
			children = (
				00C33FBFF05C77B19900C095 /* Theme.swift */,
				9451CE9D94A0FCA93C5B74D2 /* Components */,
			);
			path = DesignSystem;
			sourceTree = "<group>";
		};
		7FC7A0FFB025AD4678538DBB /* AI */ = {
			isa = PBXGroup;
			children = (
				396F42DEC5D0925CB84A82A7 /* GeminiIntelligenceProvider.swift */,
				4DCDBEEB369BDF081E43A6EB /* IntelligenceProvider.swift */,
				58630486A7BDA98FE5344840 /* ActionPlans */,
				044447B07CFE702FCC84AEF4 /* OCR */,
				AE806FBD35472148A3B729A4 /* Opportunity */,
				4F78676640B33CCEC635327E /* Parsing */,
				6AB33D8EBF34B9C9A3815DFC /* Statements */,
			);
			path = AI;
			sourceTree = "<group>";
		};
		818647B8186C8FCCD173541A = {
			isa = PBXGroup;
			children = (
				F6E47DE4BF3556E505529839 /* LEVER */,
				683490C09834BB0122E90EA9 /* Shared */,
				B4111C7579BFA62F320AB645 /* ShareExtension */,
				4A6591BD7E76828EEB581BA3 /* Tests */,
				914EE586578F2A9947BCA542 /* Widgets */,
				BCEBFA9F29BA0C77F76F020F /* Products */,
			);
			sourceTree = "<group>";
		};
		82E7989555D4FE2003202E06 /* Paywall */ = {
			isa = PBXGroup;
			children = (
				791CC9D8004ECDC8DA587E48 /* PaywallView.swift */,
			);
			path = Paywall;
			sourceTree = "<group>";
		};
		8CE8E77035C81A3860D8CAB1 /* Analytics */ = {
			isa = PBXGroup;
			children = (
				26A43C646EE878EEA133E836 /* AnalyticsService.swift */,
			);
			path = Analytics;
			sourceTree = "<group>";
		};
		914EE586578F2A9947BCA542 /* Widgets */ = {
			isa = PBXGroup;
			children = (
				DE1EAE41F31D6101879C72ED /* LEVERWidgets.entitlements */,
				279DDC180746D21FCAAB9E7A /* LEVERWidgets.swift */,
			);
			path = Widgets;
			sourceTree = "<group>";
		};
		91B3F9F7AF7CDE9B181E95DB /* Family */ = {
			isa = PBXGroup;
			children = (
				2E5DD9E3E4B98900BDC751BE /* FamilyView.swift */,
			);
			path = Family;
			sourceTree = "<group>";
		};
		9422CBD98B402B6AF2965D1F /* Settings */ = {
			isa = PBXGroup;
			children = (
				458359C20FF3434081BA746F /* PrivacyCenterView.swift */,
				0F44DF32C498EB491B3EF33D /* SettingsView.swift */,
			);
			path = Settings;
			sourceTree = "<group>";
		};
		9451CE9D94A0FCA93C5B74D2 /* Components */ = {
			isa = PBXGroup;
			children = (
				285A11756F8FE0C486962EE9 /* Badges.swift */,
				8BBCB66A1236FFCE9418B68E /* Buttons.swift */,
				852FEB56127D43294384DE74 /* Cards.swift */,
				312F94A9435FCE7B8FE71E53 /* Layout.swift */,
				73D0A57A8C87BAB6B18E6D1C /* MerchantAvatar.swift */,
				64A314F4C44C60DB3DDA32D5 /* MoneyAmount.swift */,
				65384D6954394F9EAE9983E1 /* Monogram.swift */,
			);
			path = Components;
			sourceTree = "<group>";
		};
		9B0A5522FCF0C4D1284AF432 /* Email */ = {
			isa = PBXGroup;
			children = (
				4FC71EE0F59F0D70370DA128 /* EmailImportSource.swift */,
				07EA39B034B4F08804414AE1 /* GmailImportSource.swift */,
			);
			path = Email;
			sourceTree = "<group>";
		};
		9BE9CE3DC6AE460AA520AC60 /* Store */ = {
			isa = PBXGroup;
			children = (
				BFB437BF9A267020937B5E60 /* StoreService.swift */,
			);
			path = Store;
			sourceTree = "<group>";
		};
		A197E406B7A5266FFD3A22EF /* Opportunity */ = {
			isa = PBXGroup;
			children = (
				BE3A49C43215E8976E193423 /* ClaimComposerView.swift */,
				687F80D79F596F965D120F61 /* FightForMeView.swift */,
				D88FE9DE598F10F3F86C63FA /* OpportunityDetailView.swift */,
			);
			path = Opportunity;
			sourceTree = "<group>";
		};
		ACC2F75E4D7D3C8E6CC0D6C6 /* Sources */ = {
			isa = PBXGroup;
			children = (
				4EEFD153BF18718A7267BCC6 /* CalendarExporter.swift */,
				438D9B9C28F7294323976C18 /* PublicPagePriceMonitor.swift */,
				4BA628FFE1EAF4E963F6C583 /* ScreenshotWatcher.swift */,
				E30FA722796014466EB4E356 /* WalletTransactionSource.swift */,
			);
			path = Sources;
			sourceTree = "<group>";
		};
		AE806FBD35472148A3B729A4 /* Opportunity */ = {
			isa = PBXGroup;
			children = (
				97C26F93893A8C6663D55668 /* OpportunityContext.swift */,
				67BAEE97CB2310EF412481B7 /* OpportunityEngine.swift */,
				68B3D2826938DC4186DAB3B8 /* OpportunityRanker.swift */,
				60D52C462CA8435A7747E784 /* ResaleEstimator.swift */,
				34F7072AB0ECFF8325127F1E /* Rules */,
			);
			path = Opportunity;
			sourceTree = "<group>";
		};
		B4111C7579BFA62F320AB645 /* ShareExtension */ = {
			isa = PBXGroup;
			children = (
				8192D0F248DF91596EC4415B /* LEVERShareExtension.entitlements */,
				9228728BCDC955472BD8C811 /* ShareViewController.swift */,
			);
			path = ShareExtension;
			sourceTree = "<group>";
		};
		BAD913CA1461EA66CBF4B616 /* Inbox */ = {
			isa = PBXGroup;
			children = (
				A89F896085F36AD0B66C51C1 /* InboxImporter.swift */,
			);
			path = Inbox;
			sourceTree = "<group>";
		};
		BCEBFA9F29BA0C77F76F020F /* Products */ = {
			isa = PBXGroup;
			children = (
				0048F0A94E155C667710F9BD /* LEVER.app */,
				9F59F52B6DBC19F1EF80EEC2 /* LEVERShareExtension.appex */,
				F6D28FDE0E6EAD042D8F001E /* LEVERTests.xctest */,
				B0C7EB1CAE78943E058D2F4D /* LEVERUITests.xctest */,
				64DFA0078458A2BA66EF32CB /* LEVERWidgets.appex */,
			);
			name = Products;
			sourceTree = "<group>";
		};
		C14DF2E83CF02A06C4A0A9E3 /* Services */ = {
			isa = PBXGroup;
			children = (
				67EE41461BF5842864607D4E /* Protocols.swift */,
				8CE8E77035C81A3860D8CAB1 /* Analytics */,
				9B0A5522FCF0C4D1284AF432 /* Email */,
				1108BF17F405AD9D61B119CE /* External */,
				FD254AD71E0A84F2E7FA9573 /* Family */,
				BAD913CA1461EA66CBF4B616 /* Inbox */,
				0F5F8774C22A40A2CFF222EF /* Notifications */,
				0FC8E2873AB610BA3351D474 /* Policies */,
				CE29BB6A94061C39BC4D2D04 /* PriceMonitoring */,
				DCC07EB40ACEAF8C6250E4AC /* Security */,
				ACC2F75E4D7D3C8E6CC0D6C6 /* Sources */,
				6605CD751E734A7B3FA7A970 /* Storage */,
				9BE9CE3DC6AE460AA520AC60 /* Store */,
			);
			path = Services;
			sourceTree = "<group>";
		};
		CAB9AAD71A3C8416F9AF8F98 /* Subscriptions */ = {
			isa = PBXGroup;
			children = (
			);
			path = Subscriptions;
			sourceTree = "<group>";
		};
		CE29BB6A94061C39BC4D2D04 /* PriceMonitoring */ = {
			isa = PBXGroup;
			children = (
				1D06E1B8F7AF65CC3AA6799A /* PriceMonitorService.swift */,
			);
			path = PriceMonitoring;
			sourceTree = "<group>";
		};
		D7E7EA9086F589DDD5EC96D0 /* App */ = {
			isa = PBXGroup;
			children = (
				1D536CC12E224AC45A2E2B6E /* AppEnvironment.swift */,
				FBD6A09027E4835F6AF540FE /* AppRouter.swift */,
				9F805238E15A866B6DFF5D14 /* LEVERApp.swift */,
				3211D7CFB388EFB45088D7AF /* RootView.swift */,
			);
			path = App;
			sourceTree = "<group>";
		};
		DCC07EB40ACEAF8C6250E4AC /* Security */ = {
			isa = PBXGroup;
			children = (
				199D5A814A71D3FBA5642EBC /* BiometricAuthService.swift */,
				1ACD92A380F2A9E4C08FAE9A /* KeychainStore.swift */,
			);
			path = Security;
			sourceTree = "<group>";
		};
		EB65DEA50E3CA25196ADA6D1 /* LEVERTests */ = {
			isa = PBXGroup;
			children = (
				9A799124A11794B79425ABDD /* CalculationTests.swift */,
				EB346335C3F9917C35FA6C3F /* DailyUseTests.swift */,
				C9EA71FEB5C25107A4E43B65 /* DocumentParserTests.swift */,
				18D4EF2719484F81CCDF3C8A /* EngagementTests.swift */,
				6131AB07DCF728E199582EC3 /* ExpansionTests.swift */,
				AE573EEED66D3EB0A36FB849 /* ExternalServicesTests.swift */,
				25320D5E1CA9DE3933298B3F /* ObservationTests.swift */,
				F516238B696D28471BE7B6BE /* OpportunityEngineTests.swift */,
				0D833A97F5AE4A7080866DC7 /* PersistenceAndServicesTests.swift */,
				C0DB90CAC25F625A0592ACBB /* SourcesTests.swift */,
			);
			path = LEVERTests;
			sourceTree = "<group>";
		};
		F6E47DE4BF3556E505529839 /* LEVER */ = {
			isa = PBXGroup;
			children = (
				7FC7A0FFB025AD4678538DBB /* AI */,
				D7E7EA9086F589DDD5EC96D0 /* App */,
				419FE9542D844D7633DEFC0A /* Core */,
				5023165CE2BEA7EBEB296D69 /* Features */,
				7BA38818FC35D3119DCE1F5D /* Intents */,
				0CB9282A0858477F10942310 /* Models */,
				5CE839F0BC9F6FB94B365EC3 /* Resources */,
				4C91A9BA3C8F5507667B13CD /* SampleData */,
				C14DF2E83CF02A06C4A0A9E3 /* Services */,
			);
			path = LEVER;
			sourceTree = "<group>";
		};
		FD254AD71E0A84F2E7FA9573 /* Family */ = {
			isa = PBXGroup;
			children = (
				37E18FF2B28481F95D6CC9EC /* PurchaseTransfer.swift */,
			);
			path = Family;
			sourceTree = "<group>";
		};
		FE3A64456AADB3CDDEF87CBB /* Capture */ = {
			isa = PBXGroup;
			children = (
				EFA2C84BA50F8085DC15AE22 /* CaptureView.swift */,
				51416E1D01FB6EB3E150EA7F /* CaptureViewModel.swift */,
				E6E514BF9DE9E77D15E47E43 /* DocumentReviewView.swift */,
				6289D7D56D39A9C3AB3F4B03 /* DocumentScannerView.swift */,
				F8655612A85421A14979559C /* MagicMomentView.swift */,
			);
			path = Capture;
			sourceTree = "<group>";
		};
/* End PBXGroup section */

/* Begin PBXNativeTarget section */
		26067575002B284CA02449B9 /* LEVERShareExtension */ = {
			isa = PBXNativeTarget;
			buildConfigurationList = ACBC1A4D49B7D135897DBE8E /* Build configuration list for PBXNativeTarget "LEVERShareExtension" */;
			buildPhases = (
				247EA7575678F8E513B841A8 /* Sources */,
			);
			buildRules = (
			);
			dependencies = (
			);
			name = LEVERShareExtension;
			packageProductDependencies = (
			);
			productName = LEVERShareExtension;
			productReference = 9F59F52B6DBC19F1EF80EEC2 /* LEVERShareExtension.appex */;
			productType = "com.apple.product-type.app-extension";
		};
		81D3E14D764F2D96BBCD670C /* LEVER */ = {
			isa = PBXNativeTarget;
			buildConfigurationList = DAC9F0E43EA1E6FD8DC99ED5 /* Build configuration list for PBXNativeTarget "LEVER" */;
			buildPhases = (
				DFC836C5335986AFB0E1EC3F /* Sources */,
				ECAA2982185DCE85B714586E /* Resources */,
				BB3AB4BA9ADE7298823A3725 /* Embed Foundation Extensions */,
			);
			buildRules = (
			);
			dependencies = (
				2C61F5135C6E9311D500EC18 /* PBXTargetDependency */,
				6BA0FA64D00436773E09AA44 /* PBXTargetDependency */,
			);
			name = LEVER;
			packageProductDependencies = (
			);
			productName = LEVER;
			productReference = 0048F0A94E155C667710F9BD /* LEVER.app */;
			productType = "com.apple.product-type.application";
		};
		ACF624B9D5E4F80526813015 /* LEVERTests */ = {
			isa = PBXNativeTarget;
			buildConfigurationList = 77F47DE5AC96C8C089583540 /* Build configuration list for PBXNativeTarget "LEVERTests" */;
			buildPhases = (
				1A7FAEE0D4D5934E0DF39299 /* Sources */,
			);
			buildRules = (
			);
			dependencies = (
				2A373A95524371FE1A10E5C1 /* PBXTargetDependency */,
			);
			name = LEVERTests;
			packageProductDependencies = (
			);
			productName = LEVERTests;
			productReference = F6D28FDE0E6EAD042D8F001E /* LEVERTests.xctest */;
			productType = "com.apple.product-type.bundle.unit-test";
		};
		E0D00CE6062713D84C975DCC /* LEVERUITests */ = {
			isa = PBXNativeTarget;
			buildConfigurationList = B00A5FAF0EE79FC42A4A963D /* Build configuration list for PBXNativeTarget "LEVERUITests" */;
			buildPhases = (
				959240429B1D750D724237E4 /* Sources */,
			);
			buildRules = (
			);
			dependencies = (
				5CBCC042F7AD6477C8D9055A /* PBXTargetDependency */,
			);
			name = LEVERUITests;
			packageProductDependencies = (
			);
			productName = LEVERUITests;
			productReference = B0C7EB1CAE78943E058D2F4D /* LEVERUITests.xctest */;
			productType = "com.apple.product-type.bundle.ui-testing";
		};
		F65AC5BFBDEE0F774C31B912 /* LEVERWidgets */ = {
			isa = PBXNativeTarget;
			buildConfigurationList = 8475F537521EEE351ECD944F /* Build configuration list for PBXNativeTarget "LEVERWidgets" */;
			buildPhases = (
				98FA1A127A17567547284C66 /* Sources */,
			);
			buildRules = (
			);
			dependencies = (
			);
			name = LEVERWidgets;
			packageProductDependencies = (
			);
			productName = LEVERWidgets;
			productReference = 64DFA0078458A2BA66EF32CB /* LEVERWidgets.appex */;
			productType = "com.apple.product-type.app-extension";
		};
/* End PBXNativeTarget section */

/* Begin PBXProject section */
		D41E5943142D95E3BFC0146A /* Project object */ = {
			isa = PBXProject;
			attributes = {
				BuildIndependentTargetsInParallel = YES;
				LastUpgradeCheck = 1620;
				TargetAttributes = {
					26067575002B284CA02449B9 = {
						DevelopmentTeam = 48TGY734WW;
						ProvisioningStyle = Automatic;
					};
					81D3E14D764F2D96BBCD670C = {
						DevelopmentTeam = 48TGY734WW;
						ProvisioningStyle = Automatic;
					};
					ACF624B9D5E4F80526813015 = {
						DevelopmentTeam = 48TGY734WW;
						ProvisioningStyle = Automatic;
					};
					E0D00CE6062713D84C975DCC = {
						DevelopmentTeam = 48TGY734WW;
						ProvisioningStyle = Automatic;
						TestTargetID = 81D3E14D764F2D96BBCD670C;
					};
					F65AC5BFBDEE0F774C31B912 = {
						DevelopmentTeam = 48TGY734WW;
						ProvisioningStyle = Automatic;
					};
				};
			};
			buildConfigurationList = 9D9A79D1BEED9A1E4305467C /* Build configuration list for PBXProject "LEVER" */;
			developmentRegion = en;
			hasScannedForEncodings = 0;
			knownRegions = (
				Base,
				en,
			);
			mainGroup = 818647B8186C8FCCD173541A;
			minimizedProjectReferenceProxies = 1;
			preferredProjectObjectVersion = 77;
			productRefGroup = BCEBFA9F29BA0C77F76F020F /* Products */;
			projectDirPath = "";
			projectRoot = "";
			targets = (
				81D3E14D764F2D96BBCD670C /* LEVER */,
				26067575002B284CA02449B9 /* LEVERShareExtension */,
				F65AC5BFBDEE0F774C31B912 /* LEVERWidgets */,
				ACF624B9D5E4F80526813015 /* LEVERTests */,
				E0D00CE6062713D84C975DCC /* LEVERUITests */,
			);
		};
/* End PBXProject section */

/* Begin PBXResourcesBuildPhase section */
		ECAA2982185DCE85B714586E /* Resources */ = {
			isa = PBXResourcesBuildPhase;
			buildActionMask = 2147483647;
			files = (
				8D8563EFAF6D8D60EB61E6B3 /* Assets.xcassets in Resources */,
				8026442363539EC4D9CC9D7F /* Products.storekit in Resources */,
			);
			runOnlyForDeploymentPostprocessing = 0;
		};
/* End PBXResourcesBuildPhase section */

/* Begin PBXSourcesBuildPhase section */
		1A7FAEE0D4D5934E0DF39299 /* Sources */ = {
			isa = PBXSourcesBuildPhase;
			buildActionMask = 2147483647;
			files = (
				EE168997740962CEA66E660F /* CalculationTests.swift in Sources */,
				60977E96BB54DC8EC9110467 /* DailyUseTests.swift in Sources */,
				2707E5331E372AF25F8C6E8C /* DocumentParserTests.swift in Sources */,
				8A508A7D5D6D489BCAD0DE09 /* EngagementTests.swift in Sources */,
				215AECDE9A2DBA06A8FFAC55 /* ExpansionTests.swift in Sources */,
				56CE1B6EBA7F3243E2435203 /* ExternalServicesTests.swift in Sources */,
				E2D455299B5BD34EDAC1CBEC /* ObservationTests.swift in Sources */,
				0DC2C653FF0173DC1256C6C6 /* OpportunityEngineTests.swift in Sources */,
				8EFD8C310D8B9FDE4DA665FB /* PersistenceAndServicesTests.swift in Sources */,
				03211C585B9316B9B44CDA2C /* SourcesTests.swift in Sources */,
			);
			runOnlyForDeploymentPostprocessing = 0;
		};
		247EA7575678F8E513B841A8 /* Sources */ = {
			isa = PBXSourcesBuildPhase;
			buildActionMask = 2147483647;
			files = (
				30792033912333214D74A3EB /* AppGroup.swift in Sources */,
				4453F9E27DEB1D9B2C219AB6 /* DeadlineActivityAttributes.swift in Sources */,
				DFE3AEE492A7C7202AF49888 /* InboxItem.swift in Sources */,
				D624156256EBB55087B2F2BF /* ShareViewController.swift in Sources */,
				8AE8E1025447819E6B46522B /* WidgetSnapshot.swift in Sources */,
			);
			runOnlyForDeploymentPostprocessing = 0;
		};
		959240429B1D750D724237E4 /* Sources */ = {
			isa = PBXSourcesBuildPhase;
			buildActionMask = 2147483647;
			files = (
				476E604B522973500E2B556F /* DailyUseUITests.swift in Sources */,
				F3638AA7DDA3B91E49048BE9 /* LEVERUITests.swift in Sources */,
				9EF8AC594B5885EB603CE940 /* SourcesUITests.swift in Sources */,
			);
			runOnlyForDeploymentPostprocessing = 0;
		};
		98FA1A127A17567547284C66 /* Sources */ = {
			isa = PBXSourcesBuildPhase;
			buildActionMask = 2147483647;
			files = (
				3CF0651588326278AB309414 /* AppGroup.swift in Sources */,
				56F9ABBA1D117056A2B81255 /* DeadlineActivityAttributes.swift in Sources */,
				C665A58046F22EB4CB643420 /* InboxItem.swift in Sources */,
				FBECF442532F7E46F931AAC2 /* LEVERWidgets.swift in Sources */,
				E5D5AD3148127E0FE13EC035 /* WidgetSnapshot.swift in Sources */,
			);
			runOnlyForDeploymentPostprocessing = 0;
		};
		DFC836C5335986AFB0E1EC3F /* Sources */ = {
			isa = PBXSourcesBuildPhase;
			buildActionMask = 2147483647;
			files = (
				1407D57C7CB6821F83151E08 /* ActionPlanGenerator.swift in Sources */,
				BD2B9E86A0E2EA038E36D485 /* AmountParser.swift in Sources */,
				14342FA0AF21E9A2B49662B9 /* AnalyticsService.swift in Sources */,
				EFA8D473F9746301CD782FA3 /* AppEnvironment.swift in Sources */,
				6AEBFF42AC36975A6D333888 /* AppGroup.swift in Sources */,
				A63B5A932EAA243F72297BDF /* AppRouter.swift in Sources */,
				4DFF6B009430342DA43EB7BC /* Badges.swift in Sources */,
				E2794B40385FC2F21D7B8D43 /* BiometricAuthService.swift in Sources */,
				02624EC3441C5F14B4396134 /* Buttons.swift in Sources */,
				271BBD02B67EBB1F2A33B6B8 /* CalendarExporter.swift in Sources */,
				092B0F0E8A39BE1F6F01022E /* CaptureView.swift in Sources */,
				523AEF1C5C626A350D34B833 /* CaptureViewModel.swift in Sources */,
				B47AFE410A8A0DD0015B977D /* Cards.swift in Sources */,
				D513438CD283A250F363CA02 /* ClaimComposerView.swift in Sources */,
				C6A63D87BB2BDE0C1D8BC8E7 /* ClaimGenerator.swift in Sources */,
				86D95E8FC8C0F9A23056BF33 /* DateMath.swift in Sources */,
				AFD578904E55E3472EC0FBCD /* DateParser.swift in Sources */,
				3370BDE8FB1693A28B5EC768 /* DeadlineActivityAttributes.swift in Sources */,
				DD14909B6BC0FD6DDA984B5E /* DocumentClassifier.swift in Sources */,
				F5035F5E15BCD5B74DC07FDF /* DocumentFileStore.swift in Sources */,
				13478CF361F4EA9DBBA17B3A /* DocumentParser.swift in Sources */,
				9161525412F1E12F97F445DC /* DocumentReviewView.swift in Sources */,
				1099B602F3320C02CC7AA4F6 /* DocumentScannerView.swift in Sources */,
				F3497EE578C6F15BE94FE284 /* DuplicateChargeRule.swift in Sources */,
				763C92FB725CD72C2E1B1428 /* EditPurchaseSheet.swift in Sources */,
				FFFB1AE2E45F14B0791F1EC0 /* EmailImportSource.swift in Sources */,
				3411197B5C36D292987314B2 /* EmailImportView.swift in Sources */,
				4ABB595224ABF2CD431A815F /* Enums.swift in Sources */,
				9A52C8C3CF09615902350F0C /* ExchangeRateService.swift in Sources */,
				CFDCB4C4ACA5C2D94BE614C4 /* FamilyView.swift in Sources */,
				4F4CE7F7723B5B0AF32AB5C4 /* FeeDetectionRule.swift in Sources */,
				5670A1F7DB63904DBA176040 /* FightForMeView.swift in Sources */,
				E9457D8080BCC898595A2287 /* GeminiIntelligenceProvider.swift in Sources */,
				35B2A50ABBD2DC3FB10C1050 /* GmailImportSource.swift in Sources */,
				4DEE90A3DBC396F8762EB4B3 /* Haptics.swift in Sources */,
				7E63BA30CC6F06848EEB2AF0 /* HomeView.swift in Sources */,
				EE943ECA5D14C14B6EB6E067 /* InboxImporter.swift in Sources */,
				8815537C34E971DE7774D5C8 /* InboxItem.swift in Sources */,
				8AA55A855521F3E60544496B /* InsuranceRenewalRule.swift in Sources */,
				1688060E8BDFAB7E4C27A506 /* IntelligenceProvider.swift in Sources */,
				EA595D65D9C826E6AAC1B8B6 /* KeychainStore.swift in Sources */,
				FCDD44B794824CA4B15430BC /* LEVERApp.swift in Sources */,
				BA81CD570B963AEA17DAE4F9 /* Layout.swift in Sources */,
				653C7753C9703A612172A716 /* LeverIntents.swift in Sources */,
				B7BFD47B6CB32411E885C0D6 /* LiveActivityManager.swift in Sources */,
				AF5DDA43804BA08DC25CEAE8 /* MagicMomentView.swift in Sources */,
				A7E078A0A042BA05DCB7CB91 /* MerchantAvatar.swift in Sources */,
				2DFBA8E4394229EE14758712 /* MerchantDirectory.swift in Sources */,
				DD05FF178309581EC046B85A /* MerchantIdentityService.swift in Sources */,
				80B1EC4AF755741BFB1C17EE /* ModelContainerFactory.swift in Sources */,
				515D54FBB274C05483944918 /* Money.swift in Sources */,
				42E3AF06EB6CF125901C4835 /* MoneyAmount.swift in Sources */,
				D047D22366174B6891F8A565 /* Monogram.swift in Sources */,
				41BBA3288BD7A80B2EB44AC9 /* NegotiationAssistant.swift in Sources */,
				9E8AE8F7AE18B5CCC3663824 /* NegotiationView.swift in Sources */,
				7AAEB57413CE9DABF575B4A2 /* NotificationDelegate.swift in Sources */,
				B259A43B2C31B09B40380037 /* NotificationService.swift in Sources */,
				0F668CBB35AE81065A424A4B /* OCRService.swift in Sources */,
				FAEC462E4EE923D0971543D4 /* OnboardingView.swift in Sources */,
				BB1D7AB69E485F8D2BEEEF04 /* Opportunity.swift in Sources */,
				37F05FEEE78B6883DD9F541D /* OpportunityContext.swift in Sources */,
				E19939A14F2C37E6EBF2B440 /* OpportunityDetailView.swift in Sources */,
				19047DE588F27D4A88895F0D /* OpportunityEngine.swift in Sources */,
				51293B1FE9DDF7A969BDD4B2 /* OpportunityRanker.swift in Sources */,
				0BD6C71F91FA562BE206E790 /* PaywallView.swift in Sources */,
				4B9E9AA7B64443B260D4DB9B /* PriceDropRule.swift in Sources */,
				C3D525487A856B025312AD71 /* PriceMonitorService.swift in Sources */,
				AE1EFE1871256CE8E0117C8E /* PrivacyCenterView.swift in Sources */,
				BFFBAEBBEE73A9DF4A6D8958 /* Protocols.swift in Sources */,
				BF23613816EE9F52F938F3C4 /* PublicPagePriceMonitor.swift in Sources */,
				7738F6AB8CB4D3AF81C43A78 /* Purchase.swift in Sources */,
				5794B883933BD754E2F74AD5 /* PurchaseDetailView.swift in Sources */,
				CFEFCF7DDD1739A62DCDE46B /* PurchaseDocument.swift in Sources */,
				6A0BEDDD0E8BBD544D96FB97 /* PurchaseProtectionRule.swift in Sources */,
				6974AC1ACAFDED951585B5D8 /* PurchaseRepository+Family.swift in Sources */,
				115F939DEA4A4A86479D782F /* PurchaseRepository+Sources.swift in Sources */,
				359F34BDEA0840200111183F /* PurchaseRepository.swift in Sources */,
				84FD947696937BD7CE7D7B8A /* PurchaseTransfer.swift in Sources */,
				FDF92D2A14A2F8E266724B83 /* RegexHelpers.swift in Sources */,
				D9517BE10F9F7074D89F13C1 /* ResaleEstimator.swift in Sources */,
				7EA8C0DD26EC9C6B5F4A3F53 /* ReturnDeadlineRule.swift in Sources */,
				06ACEE448FEC02B544131492 /* RootView.swift in Sources */,
				E0FBF1D3BD5F4053CD3F1029 /* SampleDataSeeder.swift in Sources */,
				239EBD905B4A9F206810932F /* SavingsConfirmationSheet.swift in Sources */,
				8603967CC87B04CAC63D2E1A /* SavingsEvent.swift in Sources */,
				B35D44F398624A02742C9DF5 /* SavingsView.swift in Sources */,
				127667EA9EDA0D50FDAB1C49 /* ScreenshotWatcher.swift in Sources */,
				E6CB67DC6DA4A82B92E9527E /* SettingsView.swift in Sources */,
				488FB561970BB25F62EBB4E1 /* SourcesView.swift in Sources */,
				F802BB5285100035876F8DCC /* SpotlightIndexer.swift in Sources */,
				83B4C4DD1DC06C5D0C97665C /* StatementImporter.swift in Sources */,
				E2E64C6982AD372D3069A1CF /* StatementReviewView.swift in Sources */,
				8152C94034049DC6DD9F0F54 /* StoreService.swift in Sources */,
				5900C594F7090C35B1C94097 /* StoredDocument.swift in Sources */,
				6CAB361014ECB77666D56A06 /* Subscription.swift in Sources */,
				A4CB9410E0B7E5BF0FE13571 /* SubscriptionRenewalRule.swift in Sources */,
				9469DD216DD03D255CDC165C /* Theme.swift in Sources */,
				C30A490C21919D625A15B688 /* VaultView.swift in Sources */,
				8C6DABA2A2462B2982D7C771 /* WalletTransactionSource.swift in Sources */,
				84165CBC3AFCEDA9AE1799CA /* Warranty.swift in Sources */,
				1D7721BCA4A386B4FB4FC9FD /* WarrantyExpirationRule.swift in Sources */,
				597C6814347F4FBD8CC36FAD /* WidgetSnapshot.swift in Sources */,
			);
			runOnlyForDeploymentPostprocessing = 0;
		};
/* End PBXSourcesBuildPhase section */

/* Begin PBXTargetDependency section */
		2A373A95524371FE1A10E5C1 /* PBXTargetDependency */ = {
			isa = PBXTargetDependency;
			target = 81D3E14D764F2D96BBCD670C /* LEVER */;
			targetProxy = 73EFED1A57851824663CE4C3 /* PBXContainerItemProxy */;
		};
		2C61F5135C6E9311D500EC18 /* PBXTargetDependency */ = {
			isa = PBXTargetDependency;
			target = 26067575002B284CA02449B9 /* LEVERShareExtension */;
			targetProxy = 0C7373F7EBBB1616A0B26AE9 /* PBXContainerItemProxy */;
		};
		5CBCC042F7AD6477C8D9055A /* PBXTargetDependency */ = {
			isa = PBXTargetDependency;
			target = 81D3E14D764F2D96BBCD670C /* LEVER */;
			targetProxy = 5A709B3BB5DACE67ECCCD33A /* PBXContainerItemProxy */;
		};
		6BA0FA64D00436773E09AA44 /* PBXTargetDependency */ = {
			isa = PBXTargetDependency;
			target = F65AC5BFBDEE0F774C31B912 /* LEVERWidgets */;
			targetProxy = 3E74328E7311AC6DC24F3966 /* PBXContainerItemProxy */;
		};
/* End PBXTargetDependency section */

/* Begin XCBuildConfiguration section */
		0C066CFFC032C4F0215A30AA /* Release */ = {
			isa = XCBuildConfiguration;
			buildSettings = {
				BUNDLE_LOADER = "$(TEST_HOST)";
				GENERATE_INFOPLIST_FILE = YES;
				LD_RUNPATH_SEARCH_PATHS = (
					"$(inherited)",
					"@executable_path/Frameworks",
					"@loader_path/Frameworks",
				);
				PRODUCT_BUNDLE_IDENTIFIER = com.rakshit1998.lever.tests;
				SDKROOT = iphoneos;
				TARGETED_DEVICE_FAMILY = "1,2";
				TEST_HOST = "$(BUILT_PRODUCTS_DIR)/LEVER.app/LEVER";
			};
			name = Release;
		};
		4A166D301170A50E08D55861 /* Debug */ = {
			isa = XCBuildConfiguration;
			buildSettings = {
				ASSETCATALOG_COMPILER_GLOBAL_ACCENT_COLOR_NAME = AccentColor;
				CODE_SIGN_ENTITLEMENTS = Widgets/LEVERWidgets.entitlements;
				INFOPLIST_FILE = Widgets/Info.plist;
				LD_RUNPATH_SEARCH_PATHS = (
					"$(inherited)",
					"@executable_path/Frameworks",
					"@executable_path/../../Frameworks",
				);
				PRODUCT_BUNDLE_IDENTIFIER = com.rakshit1998.lever.widgets;
				SDKROOT = iphoneos;
				SKIP_INSTALL = YES;
				TARGETED_DEVICE_FAMILY = "1,2";
			};
			name = Debug;
		};
		58BEE6C383613B135A762ECA /* Release */ = {
			isa = XCBuildConfiguration;
			buildSettings = {
				BUNDLE_LOADER = "$(TEST_HOST)";
				GENERATE_INFOPLIST_FILE = YES;
				LD_RUNPATH_SEARCH_PATHS = (
					"$(inherited)",
					"@executable_path/Frameworks",
					"@loader_path/Frameworks",
				);
				PRODUCT_BUNDLE_IDENTIFIER = com.rakshit1998.lever.uitests;
				SDKROOT = iphoneos;
				TARGETED_DEVICE_FAMILY = "1,2";
				TEST_TARGET_NAME = LEVER;
			};
			name = Release;
		};
		872ADF0B5C257DB1A0B8AA95 /* Debug */ = {
			isa = XCBuildConfiguration;
			buildSettings = {
				BUNDLE_LOADER = "$(TEST_HOST)";
				GENERATE_INFOPLIST_FILE = YES;
				LD_RUNPATH_SEARCH_PATHS = (
					"$(inherited)",
					"@executable_path/Frameworks",
					"@loader_path/Frameworks",
				);
				PRODUCT_BUNDLE_IDENTIFIER = com.rakshit1998.lever.uitests;
				SDKROOT = iphoneos;
				TARGETED_DEVICE_FAMILY = "1,2";
				TEST_TARGET_NAME = LEVER;
			};
			name = Debug;
		};
		A33B0C4D2827FE85524156C9 /* Release */ = {
			isa = XCBuildConfiguration;
			buildSettings = {
				ALWAYS_SEARCH_USER_PATHS = NO;
				ASSETCATALOG_COMPILER_GENERATE_SWIFT_ASSET_SYMBOL_EXTENSIONS = NO;
				CLANG_ANALYZER_NONNULL = YES;
				CLANG_ANALYZER_NUMBER_OBJECT_CONVERSION = YES_AGGRESSIVE;
				CLANG_CXX_LANGUAGE_STANDARD = "gnu++14";
				CLANG_CXX_LIBRARY = "libc++";
				CLANG_ENABLE_MODULES = YES;
				CLANG_ENABLE_OBJC_ARC = YES;
				CLANG_ENABLE_OBJC_WEAK = YES;
				CLANG_WARN_BLOCK_CAPTURE_AUTORELEASING = YES;
				CLANG_WARN_BOOL_CONVERSION = YES;
				CLANG_WARN_COMMA = YES;
				CLANG_WARN_CONSTANT_CONVERSION = YES;
				CLANG_WARN_DEPRECATED_OBJC_IMPLEMENTATIONS = YES;
				CLANG_WARN_DIRECT_OBJC_ISA_USAGE = YES_ERROR;
				CLANG_WARN_DOCUMENTATION_COMMENTS = YES;
				CLANG_WARN_EMPTY_BODY = YES;
				CLANG_WARN_ENUM_CONVERSION = YES;
				CLANG_WARN_INFINITE_RECURSION = YES;
				CLANG_WARN_INT_CONVERSION = YES;
				CLANG_WARN_NON_LITERAL_NULL_CONVERSION = YES;
				CLANG_WARN_OBJC_IMPLICIT_RETAIN_SELF = YES;
				CLANG_WARN_OBJC_LITERAL_CONVERSION = YES;
				CLANG_WARN_OBJC_ROOT_CLASS = YES_ERROR;
				CLANG_WARN_QUOTED_INCLUDE_IN_FRAMEWORK_HEADER = YES;
				CLANG_WARN_RANGE_LOOP_ANALYSIS = YES;
				CLANG_WARN_STRICT_PROTOTYPES = YES;
				CLANG_WARN_SUSPICIOUS_MOVE = YES;
				CLANG_WARN_UNGUARDED_AVAILABILITY = YES_AGGRESSIVE;
				CLANG_WARN_UNREACHABLE_CODE = YES;
				CLANG_WARN__DUPLICATE_METHOD_MATCH = YES;
				CODE_SIGN_STYLE = Automatic;
				COPY_PHASE_STRIP = NO;
				CURRENT_PROJECT_VERSION = 1;
				DEBUG_INFORMATION_FORMAT = "dwarf-with-dsym";
				DEVELOPMENT_TEAM = 48TGY734WW;
				ENABLE_NS_ASSERTIONS = NO;
				ENABLE_STRICT_OBJC_MSGSEND = YES;
				ENABLE_USER_SCRIPT_SANDBOXING = YES;
				GCC_C_LANGUAGE_STANDARD = gnu11;
				GCC_NO_COMMON_BLOCKS = YES;
				GCC_WARN_64_TO_32_BIT_CONVERSION = YES;
				GCC_WARN_ABOUT_RETURN_TYPE = YES_ERROR;
				GCC_WARN_UNDECLARED_SELECTOR = YES;
				GCC_WARN_UNINITIALIZED_AUTOS = YES_AGGRESSIVE;
				GCC_WARN_UNUSED_FUNCTION = YES;
				GCC_WARN_UNUSED_VARIABLE = YES;
				GENERATE_INFOPLIST_FILE = NO;
				IPHONEOS_DEPLOYMENT_TARGET = 17.0;
				MARKETING_VERSION = 1.0.0;
				MTL_ENABLE_DEBUG_INFO = NO;
				MTL_FAST_MATH = YES;
				PRODUCT_NAME = "$(TARGET_NAME)";
				SDKROOT = iphoneos;
				SWIFT_COMPILATION_MODE = wholemodule;
				SWIFT_OPTIMIZATION_LEVEL = "-O";
				SWIFT_STRICT_CONCURRENCY = minimal;
				SWIFT_VERSION = 5.0;
				TARGETED_DEVICE_FAMILY = 1;
			};
			name = Release;
		};
		BE854D285D464C8154688489 /* Release */ = {
			isa = XCBuildConfiguration;
			buildSettings = {
				CODE_SIGN_ENTITLEMENTS = ShareExtension/LEVERShareExtension.entitlements;
				INFOPLIST_FILE = ShareExtension/Info.plist;
				LD_RUNPATH_SEARCH_PATHS = (
					"$(inherited)",
					"@executable_path/Frameworks",
					"@executable_path/../../Frameworks",
				);
				PRODUCT_BUNDLE_IDENTIFIER = com.rakshit1998.lever.share;
				SDKROOT = iphoneos;
				SKIP_INSTALL = YES;
				TARGETED_DEVICE_FAMILY = "1,2";
			};
			name = Release;
		};
		BF6F6291E4C4561339C3D76D /* Debug */ = {
			isa = XCBuildConfiguration;
			buildSettings = {
				ASSETCATALOG_COMPILER_APPICON_NAME = AppIcon;
				ASSETCATALOG_COMPILER_GLOBAL_ACCENT_COLOR_NAME = AccentColor;
				CODE_SIGN_ENTITLEMENTS = LEVER/Resources/LEVER.entitlements;
				CODE_SIGN_IDENTITY = "iPhone Developer";
				INFOPLIST_FILE = LEVER/Resources/Info.plist;
				LD_RUNPATH_SEARCH_PATHS = "$(inherited) @executable_path/Frameworks";
				PRODUCT_BUNDLE_IDENTIFIER = com.rakshit1998.lever;
				SDKROOT = iphoneos;
				TARGETED_DEVICE_FAMILY = "1,2";
			};
			name = Debug;
		};
		E3DC24A2F842C8E68805C98E /* Debug */ = {
			isa = XCBuildConfiguration;
			buildSettings = {
				BUNDLE_LOADER = "$(TEST_HOST)";
				GENERATE_INFOPLIST_FILE = YES;
				LD_RUNPATH_SEARCH_PATHS = (
					"$(inherited)",
					"@executable_path/Frameworks",
					"@loader_path/Frameworks",
				);
				PRODUCT_BUNDLE_IDENTIFIER = com.rakshit1998.lever.tests;
				SDKROOT = iphoneos;
				TARGETED_DEVICE_FAMILY = "1,2";
				TEST_HOST = "$(BUILT_PRODUCTS_DIR)/LEVER.app/LEVER";
			};
			name = Debug;
		};
		F27219693A052AD024969A4C /* Debug */ = {
			isa = XCBuildConfiguration;
			buildSettings = {
				CODE_SIGN_ENTITLEMENTS = ShareExtension/LEVERShareExtension.entitlements;
				INFOPLIST_FILE = ShareExtension/Info.plist;
				LD_RUNPATH_SEARCH_PATHS = (
					"$(inherited)",
					"@executable_path/Frameworks",
					"@executable_path/../../Frameworks",
				);
				PRODUCT_BUNDLE_IDENTIFIER = com.rakshit1998.lever.share;
				SDKROOT = iphoneos;
				SKIP_INSTALL = YES;
				TARGETED_DEVICE_FAMILY = "1,2";
			};
			name = Debug;
		};
		F849FE3F1BEAB6B58B83C458 /* Debug */ = {
			isa = XCBuildConfiguration;
			buildSettings = {
				ALWAYS_SEARCH_USER_PATHS = NO;
				ASSETCATALOG_COMPILER_GENERATE_SWIFT_ASSET_SYMBOL_EXTENSIONS = NO;
				CLANG_ANALYZER_NONNULL = YES;
				CLANG_ANALYZER_NUMBER_OBJECT_CONVERSION = YES_AGGRESSIVE;
				CLANG_CXX_LANGUAGE_STANDARD = "gnu++14";
				CLANG_CXX_LIBRARY = "libc++";
				CLANG_ENABLE_MODULES = YES;
				CLANG_ENABLE_OBJC_ARC = YES;
				CLANG_ENABLE_OBJC_WEAK = YES;
				CLANG_WARN_BLOCK_CAPTURE_AUTORELEASING = YES;
				CLANG_WARN_BOOL_CONVERSION = YES;
				CLANG_WARN_COMMA = YES;
				CLANG_WARN_CONSTANT_CONVERSION = YES;
				CLANG_WARN_DEPRECATED_OBJC_IMPLEMENTATIONS = YES;
				CLANG_WARN_DIRECT_OBJC_ISA_USAGE = YES_ERROR;
				CLANG_WARN_DOCUMENTATION_COMMENTS = YES;
				CLANG_WARN_EMPTY_BODY = YES;
				CLANG_WARN_ENUM_CONVERSION = YES;
				CLANG_WARN_INFINITE_RECURSION = YES;
				CLANG_WARN_INT_CONVERSION = YES;
				CLANG_WARN_NON_LITERAL_NULL_CONVERSION = YES;
				CLANG_WARN_OBJC_IMPLICIT_RETAIN_SELF = YES;
				CLANG_WARN_OBJC_LITERAL_CONVERSION = YES;
				CLANG_WARN_OBJC_ROOT_CLASS = YES_ERROR;
				CLANG_WARN_QUOTED_INCLUDE_IN_FRAMEWORK_HEADER = YES;
				CLANG_WARN_RANGE_LOOP_ANALYSIS = YES;
				CLANG_WARN_STRICT_PROTOTYPES = YES;
				CLANG_WARN_SUSPICIOUS_MOVE = YES;
				CLANG_WARN_UNGUARDED_AVAILABILITY = YES_AGGRESSIVE;
				CLANG_WARN_UNREACHABLE_CODE = YES;
				CLANG_WARN__DUPLICATE_METHOD_MATCH = YES;
				CODE_SIGN_STYLE = Automatic;
				COPY_PHASE_STRIP = NO;
				CURRENT_PROJECT_VERSION = 1;
				DEBUG_INFORMATION_FORMAT = dwarf;
				DEVELOPMENT_TEAM = 48TGY734WW;
				ENABLE_STRICT_OBJC_MSGSEND = YES;
				ENABLE_TESTABILITY = YES;
				ENABLE_USER_SCRIPT_SANDBOXING = YES;
				GCC_C_LANGUAGE_STANDARD = gnu11;
				GCC_DYNAMIC_NO_PIC = NO;
				GCC_NO_COMMON_BLOCKS = YES;
				GCC_OPTIMIZATION_LEVEL = 0;
				GCC_PREPROCESSOR_DEFINITIONS = (
					"$(inherited)",
					"DEBUG=1",
				);
				GCC_WARN_64_TO_32_BIT_CONVERSION = YES;
				GCC_WARN_ABOUT_RETURN_TYPE = YES_ERROR;
				GCC_WARN_UNDECLARED_SELECTOR = YES;
				GCC_WARN_UNINITIALIZED_AUTOS = YES_AGGRESSIVE;
				GCC_WARN_UNUSED_FUNCTION = YES;
				GCC_WARN_UNUSED_VARIABLE = YES;
				GENERATE_INFOPLIST_FILE = NO;
				IPHONEOS_DEPLOYMENT_TARGET = 17.0;
				MARKETING_VERSION = 1.0.0;
				MTL_ENABLE_DEBUG_INFO = INCLUDE_SOURCE;
				MTL_FAST_MATH = YES;
				ONLY_ACTIVE_ARCH = YES;
				PRODUCT_NAME = "$(TARGET_NAME)";
				SDKROOT = iphoneos;
				SWIFT_ACTIVE_COMPILATION_CONDITIONS = DEBUG;
				SWIFT_OPTIMIZATION_LEVEL = "-Onone";
				SWIFT_STRICT_CONCURRENCY = minimal;
				SWIFT_VERSION = 5.0;
				TARGETED_DEVICE_FAMILY = 1;
			};
			name = Debug;
		};
		FADB0279DF266D202207FD60 /* Release */ = {
			isa = XCBuildConfiguration;
			buildSettings = {
				ASSETCATALOG_COMPILER_GLOBAL_ACCENT_COLOR_NAME = AccentColor;
				CODE_SIGN_ENTITLEMENTS = Widgets/LEVERWidgets.entitlements;
				INFOPLIST_FILE = Widgets/Info.plist;
				LD_RUNPATH_SEARCH_PATHS = (
					"$(inherited)",
					"@executable_path/Frameworks",
					"@executable_path/../../Frameworks",
				);
				PRODUCT_BUNDLE_IDENTIFIER = com.rakshit1998.lever.widgets;
				SDKROOT = iphoneos;
				SKIP_INSTALL = YES;
				TARGETED_DEVICE_FAMILY = "1,2";
			};
			name = Release;
		};
		FD51D0764DFFA07F0B909EE7 /* Release */ = {
			isa = XCBuildConfiguration;
			buildSettings = {
				ASSETCATALOG_COMPILER_APPICON_NAME = AppIcon;
				ASSETCATALOG_COMPILER_GLOBAL_ACCENT_COLOR_NAME = AccentColor;
				CODE_SIGN_ENTITLEMENTS = LEVER/Resources/LEVER.entitlements;
				CODE_SIGN_IDENTITY = "iPhone Developer";
				INFOPLIST_FILE = LEVER/Resources/Info.plist;
				LD_RUNPATH_SEARCH_PATHS = "$(inherited) @executable_path/Frameworks";
				PRODUCT_BUNDLE_IDENTIFIER = com.rakshit1998.lever;
				SDKROOT = iphoneos;
				TARGETED_DEVICE_FAMILY = "1,2";
			};
			name = Release;
		};
/* End XCBuildConfiguration section */

/* Begin XCConfigurationList section */
		77F47DE5AC96C8C089583540 /* Build configuration list for PBXNativeTarget "LEVERTests" */ = {
			isa = XCConfigurationList;
			buildConfigurations = (
				E3DC24A2F842C8E68805C98E /* Debug */,
				0C066CFFC032C4F0215A30AA /* Release */,
			);
			defaultConfigurationIsVisible = 0;
			defaultConfigurationName = Debug;
		};
		8475F537521EEE351ECD944F /* Build configuration list for PBXNativeTarget "LEVERWidgets" */ = {
			isa = XCConfigurationList;
			buildConfigurations = (
				4A166D301170A50E08D55861 /* Debug */,
				FADB0279DF266D202207FD60 /* Release */,
			);
			defaultConfigurationIsVisible = 0;
			defaultConfigurationName = Debug;
		};
		9D9A79D1BEED9A1E4305467C /* Build configuration list for PBXProject "LEVER" */ = {
			isa = XCConfigurationList;
			buildConfigurations = (
				F849FE3F1BEAB6B58B83C458 /* Debug */,
				A33B0C4D2827FE85524156C9 /* Release */,
			);
			defaultConfigurationIsVisible = 0;
			defaultConfigurationName = Debug;
		};
		ACBC1A4D49B7D135897DBE8E /* Build configuration list for PBXNativeTarget "LEVERShareExtension" */ = {
			isa = XCConfigurationList;
			buildConfigurations = (
				F27219693A052AD024969A4C /* Debug */,
				BE854D285D464C8154688489 /* Release */,
			);
			defaultConfigurationIsVisible = 0;
			defaultConfigurationName = Debug;
		};
		B00A5FAF0EE79FC42A4A963D /* Build configuration list for PBXNativeTarget "LEVERUITests" */ = {
			isa = XCConfigurationList;
			buildConfigurations = (
				872ADF0B5C257DB1A0B8AA95 /* Debug */,
				58BEE6C383613B135A762ECA /* Release */,
			);
			defaultConfigurationIsVisible = 0;
			defaultConfigurationName = Debug;
		};
		DAC9F0E43EA1E6FD8DC99ED5 /* Build configuration list for PBXNativeTarget "LEVER" */ = {
			isa = XCConfigurationList;
			buildConfigurations = (
				BF6F6291E4C4561339C3D76D /* Debug */,
				FD51D0764DFFA07F0B909EE7 /* Release */,
			);
			defaultConfigurationIsVisible = 0;
			defaultConfigurationName = Debug;
		};
/* End XCConfigurationList section */
	};
	rootObject = D41E5943142D95E3BFC0146A /* Project object */;
}
